// !$*UTF8*$!
{
	archiveVersion = 1;
	classes = {
	};
	objectVersion = 46;
	objects = {

/* Begin PBXBuildFile section */
		9235832E1CBCCA240054B3E8 /* LoadingViewController.swift in Sources */ = {isa = PBXBuildFile; fileRef = 9235832D1CBCCA240054B3E8 /* LoadingViewController.swift */; };
		927D7BA71CBB35B700955219 /* Word+CoreDataProperties.swift in Sources */ = {isa = PBXBuildFile; fileRef = 927D7BA31CBB35B700955219 /* Word+CoreDataProperties.swift */; };
		927D7BA81CBB35B700955219 /* Word.swift in Sources */ = {isa = PBXBuildFile; fileRef = 927D7BA41CBB35B700955219 /* Word.swift */; };
		927D7BA91CBB35B700955219 /* WordExplanation+CoreDataProperties.swift in Sources */ = {isa = PBXBuildFile; fileRef = 927D7BA51CBB35B700955219 /* WordExplanation+CoreDataProperties.swift */; };
		927D7BAA1CBB35B700955219 /* WordExplanation.swift in Sources */ = {isa = PBXBuildFile; fileRef = 927D7BA61CBB35B700955219 /* WordExplanation.swift */; };
		927D7BAC1CBB408000955219 /* WordDetailViewController.swift in Sources */ = {isa = PBXBuildFile; fileRef = 927D7BAB1CBB408000955219 /* WordDetailViewController.swift */; };
		92B29DED1CB8BCA500A8BD5C /* WordTableViewController.swift in Sources */ = {isa = PBXBuildFile; fileRef = 92B29DEC1CB8BCA500A8BD5C /* WordTableViewController.swift */; };
		92B29DEF1CB8BDF700A8BD5C /* WordTableViewCell.swift in Sources */ = {isa = PBXBuildFile; fileRef = 92B29DEE1CB8BDF700A8BD5C /* WordTableViewCell.swift */; };
		92B29EF51CB8D5B400A8BD5C /* MusicToolbox.xcdatamodeld in Sources */ = {isa = PBXBuildFile; fileRef = 92B29EF31CB8D5B400A8BD5C /* MusicToolbox.xcdatamodeld */; };
		92DA3BF21CB7857500AACC3B /* AppDelegate.swift in Sources */ = {isa = PBXBuildFile; fileRef = 92DA3BF11CB7857500AACC3B /* AppDelegate.swift */; };
		92DA3BF71CB7857500AACC3B /* Main.storyboard in Resources */ = {isa = PBXBuildFile; fileRef = 92DA3BF51CB7857500AACC3B /* Main.storyboard */; };
		92DA3BF91CB7857500AACC3B /* Assets.xcassets in Resources */ = {isa = PBXBuildFile; fileRef = 92DA3BF81CB7857500AACC3B /* Assets.xcassets */; };
		92DA3BFC1CB7857500AACC3B /* LaunchScreen.storyboard in Resources */ = {isa = PBXBuildFile; fileRef = 92DA3BFA1CB7857500AACC3B /* LaunchScreen.storyboard */; };
		92DA3C071CB7857500AACC3B /* MusicToolboxTests.swift in Sources */ = {isa = PBXBuildFile; fileRef = 92DA3C061CB7857500AACC3B /* MusicToolboxTests.swift */; };
		92DA3C121CB7857500AACC3B /* MusicToolboxUITests.swift in Sources */ = {isa = PBXBuildFile; fileRef = 92DA3C111CB7857500AACC3B /* MusicToolboxUITests.swift */; };
		92DAFB541CBE14E200EF3D2A /* 2.json in Resources */ = {isa = PBXBuildFile; fileRef = 92DAFAD71CBE14E100EF3D2A /* 2.json */; };
		92DAFB551CBE14E200EF3D2A /* 3.json in Resources */ = {isa = PBXBuildFile; fileRef = 92DAFAD81CBE14E100EF3D2A /* 3.json */; };
		92DAFB561CBE14E200EF3D2A /* 4.json in Resources */ = {isa = PBXBuildFile; fileRef = 92DAFAD91CBE14E100EF3D2A /* 4.json */; };
		92DAFB571CBE14E200EF3D2A /* 5.json in Resources */ = {isa = PBXBuildFile; fileRef = 92DAFADA1CBE14E100EF3D2A /* 5.json */; };
		92DAFB581CBE14E200EF3D2A /* 6.json in Resources */ = {isa = PBXBuildFile; fileRef = 92DAFADB1CBE14E100EF3D2A /* 6.json */; };
		92DAFB591CBE14E200EF3D2A /* 7.json in Resources */ = {isa = PBXBuildFile; fileRef = 92DAFADC1CBE14E100EF3D2A /* 7.json */; };
		92DAFB5A1CBE14E200EF3D2A /* 8.json in Resources */ = {isa = PBXBuildFile; fileRef = 92DAFADD1CBE14E100EF3D2A /* 8.json */; };
		92DAFB5B1CBE14E200EF3D2A /* 9.json in Resources */ = {isa = PBXBuildFile; fileRef = 92DAFADE1CBE14E100EF3D2A /* 9.json */; };
		92DAFB5C1CBE14E200EF3D2A /* 10.json in Resources */ = {isa = PBXBuildFile; fileRef = 92DAFADF1CBE14E100EF3D2A /* 10.json */; };
		92DAFB5D1CBE14E200EF3D2A /* 11.json in Resources */ = {isa = PBXBuildFile; fileRef = 92DAFAE01CBE14E100EF3D2A /* 11.json */; };
		92DAFB5E1CBE14E200EF3D2A /* 12.json in Resources */ = {isa = PBXBuildFile; fileRef = 92DAFAE11CBE14E100EF3D2A /* 12.json */; };
		92DAFB5F1CBE14E200EF3D2A /* 13.json in Resources */ = {isa = PBXBuildFile; fileRef = 92DAFAE21CBE14E100EF3D2A /* 13.json */; };
		92DAFB601CBE14E200EF3D2A /* 14.json in Resources */ = {isa = PBXBuildFile; fileRef = 92DAFAE31CBE14E100EF3D2A /* 14.json */; };
		92DAFB611CBE14E200EF3D2A /* 15.json in Resources */ = {isa = PBXBuildFile; fileRef = 92DAFAE41CBE14E100EF3D2A /* 15.json */; };
		92DAFB621CBE14E200EF3D2A /* 16.json in Resources */ = {isa = PBXBuildFile; fileRef = 92DAFAE51CBE14E100EF3D2A /* 16.json */; };
		92DAFB631CBE14E200EF3D2A /* 17.json in Resources */ = {isa = PBXBuildFile; fileRef = 92DAFAE61CBE14E100EF3D2A /* 17.json */; };
		92DAFB641CBE14E200EF3D2A /* 18.json in Resources */ = {isa = PBXBuildFile; fileRef = 92DAFAE71CBE14E100EF3D2A /* 18.json */; };
		92DAFB651CBE14E200EF3D2A /* 19.json in Resources */ = {isa = PBXBuildFile; fileRef = 92DAFAE81CBE14E100EF3D2A /* 19.json */; };
		92DAFB661CBE14E200EF3D2A /* 20.json in Resources */ = {isa = PBXBuildFile; fileRef = 92DAFAE91CBE14E100EF3D2A /* 20.json */; };
		92DAFB671CBE14E200EF3D2A /* 21.json in Resources */ = {isa = PBXBuildFile; fileRef = 92DAFAEA1CBE14E100EF3D2A /* 21.json */; };
		92DAFB681CBE14E200EF3D2A /* 22.json in Resources */ = {isa = PBXBuildFile; fileRef = 92DAFAEB1CBE14E100EF3D2A /* 22.json */; };
		92DAFB691CBE14E200EF3D2A /* 23.json in Resources */ = {isa = PBXBuildFile; fileRef = 92DAFAEC1CBE14E100EF3D2A /* 23.json */; };
		92DAFB6A1CBE14E200EF3D2A /* 24.json in Resources */ = {isa = PBXBuildFile; fileRef = 92DAFAED1CBE14E100EF3D2A /* 24.json */; };
		92DAFB6B1CBE14E200EF3D2A /* 25.json in Resources */ = {isa = PBXBuildFile; fileRef = 92DAFAEE1CBE14E100EF3D2A /* 25.json */; };
		92DAFB6C1CBE14E200EF3D2A /* 26.json in Resources */ = {isa = PBXBuildFile; fileRef = 92DAFAEF1CBE14E100EF3D2A /* 26.json */; };
		92DAFB6D1CBE14E200EF3D2A /* 27.json in Resources */ = {isa = PBXBuildFile; fileRef = 92DAFAF01CBE14E100EF3D2A /* 27.json */; };
		92DAFB6E1CBE14E200EF3D2A /* 28.json in Resources */ = {isa = PBXBuildFile; fileRef = 92DAFAF11CBE14E100EF3D2A /* 28.json */; };
		92DAFB6F1CBE14E200EF3D2A /* 29.json in Resources */ = {isa = PBXBuildFile; fileRef = 92DAFAF21CBE14E100EF3D2A /* 29.json */; };
		92DAFB701CBE14E200EF3D2A /* 30.json in Resources */ = {isa = PBXBuildFile; fileRef = 92DAFAF31CBE14E100EF3D2A /* 30.json */; };
		92DAFB711CBE14E200EF3D2A /* 31.json in Resources */ = {isa = PBXBuildFile; fileRef = 92DAFAF41CBE14E100EF3D2A /* 31.json */; };
		92DAFB721CBE14E200EF3D2A /* 32.json in Resources */ = {isa = PBXBuildFile; fileRef = 92DAFAF51CBE14E100EF3D2A /* 32.json */; };
		92DAFB731CBE14E200EF3D2A /* 33.json in Resources */ = {isa = PBXBuildFile; fileRef = 92DAFAF61CBE14E100EF3D2A /* 33.json */; };
		92DAFB741CBE14E200EF3D2A /* 34.json in Resources */ = {isa = PBXBuildFile; fileRef = 92DAFAF71CBE14E100EF3D2A /* 34.json */; };
		92DAFB751CBE14E200EF3D2A /* 35.json in Resources */ = {isa = PBXBuildFile; fileRef = 92DAFAF81CBE14E100EF3D2A /* 35.json */; };
		92DAFB761CBE14E200EF3D2A /* 36.json in Resources */ = {isa = PBXBuildFile; fileRef = 92DAFAF91CBE14E100EF3D2A /* 36.json */; };
		92DAFB771CBE14E200EF3D2A /* 37.json in Resources */ = {isa = PBXBuildFile; fileRef = 92DAFAFA1CBE14E100EF3D2A /* 37.json */; };
		92DAFB781CBE14E200EF3D2A /* 38.json in Resources */ = {isa = PBXBuildFile; fileRef = 92DAFAFB1CBE14E100EF3D2A /* 38.json */; };
		92DAFB791CBE14E200EF3D2A /* 39.json in Resources */ = {isa = PBXBuildFile; fileRef = 92DAFAFC1CBE14E100EF3D2A /* 39.json */; };
		92DAFB7A1CBE14E200EF3D2A /* 40.json in Resources */ = {isa = PBXBuildFile; fileRef = 92DAFAFD1CBE14E100EF3D2A /* 40.json */; };
		92DAFB7B1CBE14E200EF3D2A /* 41.json in Resources */ = {isa = PBXBuildFile; fileRef = 92DAFAFE1CBE14E100EF3D2A /* 41.json */; };
		92DAFB7C1CBE14E200EF3D2A /* 42.json in Resources */ = {isa = PBXBuildFile; fileRef = 92DAFAFF1CBE14E100EF3D2A /* 42.json */; };
		92DAFB7D1CBE14E200EF3D2A /* 43.json in Resources */ = {isa = PBXBuildFile; fileRef = 92DAFB001CBE14E100EF3D2A /* 43.json */; };
		92DAFB7E1CBE14E200EF3D2A /* 44.json in Resources */ = {isa = PBXBuildFile; fileRef = 92DAFB011CBE14E100EF3D2A /* 44.json */; };
		92DAFB7F1CBE14E200EF3D2A /* 45.json in Resources */ = {isa = PBXBuildFile; fileRef = 92DAFB021CBE14E100EF3D2A /* 45.json */; };
		92DAFB801CBE14E200EF3D2A /* 46.json in Resources */ = {isa = PBXBuildFile; fileRef = 92DAFB031CBE14E100EF3D2A /* 46.json */; };
		92DAFB811CBE14E200EF3D2A /* 47.json in Resources */ = {isa = PBXBuildFile; fileRef = 92DAFB041CBE14E100EF3D2A /* 47.json */; };
		92DAFB821CBE14E200EF3D2A /* 48.json in Resources */ = {isa = PBXBuildFile; fileRef = 92DAFB051CBE14E100EF3D2A /* 48.json */; };
		92DAFB831CBE14E200EF3D2A /* 49.json in Resources */ = {isa = PBXBuildFile; fileRef = 92DAFB061CBE14E100EF3D2A /* 49.json */; };
		92DAFB841CBE14E200EF3D2A /* 50.json in Resources */ = {isa = PBXBuildFile; fileRef = 92DAFB071CBE14E100EF3D2A /* 50.json */; };
		92DAFB851CBE14E200EF3D2A /* 51.json in Resources */ = {isa = PBXBuildFile; fileRef = 92DAFB081CBE14E100EF3D2A /* 51.json */; };
		92DAFB861CBE14E200EF3D2A /* 52.json in Resources */ = {isa = PBXBuildFile; fileRef = 92DAFB091CBE14E100EF3D2A /* 52.json */; };
		92DAFB871CBE14E200EF3D2A /* 53.json in Resources */ = {isa = PBXBuildFile; fileRef = 92DAFB0A1CBE14E100EF3D2A /* 53.json */; };
		92DAFB881CBE14E200EF3D2A /* 54.json in Resources */ = {isa = PBXBuildFile; fileRef = 92DAFB0B1CBE14E100EF3D2A /* 54.json */; };
		92DAFB891CBE14E200EF3D2A /* 55.json in Resources */ = {isa = PBXBuildFile; fileRef = 92DAFB0C1CBE14E100EF3D2A /* 55.json */; };
		92DAFB8A1CBE14E200EF3D2A /* 56.json in Resources */ = {isa = PBXBuildFile; fileRef = 92DAFB0D1CBE14E100EF3D2A /* 56.json */; };
		92DAFB8B1CBE14E200EF3D2A /* 57.json in Resources */ = {isa = PBXBuildFile; fileRef = 92DAFB0E1CBE14E100EF3D2A /* 57.json */; };
		92DAFB8C1CBE14E200EF3D2A /* 58.json in Resources */ = {isa = PBXBuildFile; fileRef = 92DAFB0F1CBE14E100EF3D2A /* 58.json */; };
		92DAFB8D1CBE14E200EF3D2A /* 59.json in Resources */ = {isa = PBXBuildFile; fileRef = 92DAFB101CBE14E100EF3D2A /* 59.json */; };
		92DAFB8E1CBE14E200EF3D2A /* 60.json in Resources */ = {isa = PBXBuildFile; fileRef = 92DAFB111CBE14E100EF3D2A /* 60.json */; };
		92DAFB8F1CBE14E200EF3D2A /* 61.json in Resources */ = {isa = PBXBuildFile; fileRef = 92DAFB121CBE14E100EF3D2A /* 61.json */; };
		92DAFB901CBE14E200EF3D2A /* 62.json in Resources */ = {isa = PBXBuildFile; fileRef = 92DAFB131CBE14E100EF3D2A /* 62.json */; };
		92DAFB911CBE14E200EF3D2A /* 63.json in Resources */ = {isa = PBXBuildFile; fileRef = 92DAFB141CBE14E100EF3D2A /* 63.json */; };
		92DAFB921CBE14E200EF3D2A /* 64.json in Resources */ = {isa = PBXBuildFile; fileRef = 92DAFB151CBE14E100EF3D2A /* 64.json */; };
		92DAFB931CBE14E200EF3D2A /* 65.json in Resources */ = {isa = PBXBuildFile; fileRef = 92DAFB161CBE14E100EF3D2A /* 65.json */; };
		92DAFB941CBE14E200EF3D2A /* 66.json in Resources */ = {isa = PBXBuildFile; fileRef = 92DAFB171CBE14E100EF3D2A /* 66.json */; };
		92DAFB951CBE14E200EF3D2A /* 67.json in Resources */ = {isa = PBXBuildFile; fileRef = 92DAFB181CBE14E100EF3D2A /* 67.json */; };
		92DAFB961CBE14E200EF3D2A /* 68.json in Resources */ = {isa = PBXBuildFile; fileRef = 92DAFB191CBE14E100EF3D2A /* 68.json */; };
		92DAFB971CBE14E200EF3D2A /* 69.json in Resources */ = {isa = PBXBuildFile; fileRef = 92DAFB1A1CBE14E100EF3D2A /* 69.json */; };
		92DAFB981CBE14E200EF3D2A /* 70.json in Resources */ = {isa = PBXBuildFile; fileRef = 92DAFB1B1CBE14E100EF3D2A /* 70.json */; };
		92DAFB991CBE14E200EF3D2A /* 71.json in Resources */ = {isa = PBXBuildFile; fileRef = 92DAFB1C1CBE14E100EF3D2A /* 71.json */; };
		92DAFB9A1CBE14E200EF3D2A /* 72.json in Resources */ = {isa = PBXBuildFile; fileRef = 92DAFB1D1CBE14E100EF3D2A /* 72.json */; };
		92DAFB9B1CBE14E200EF3D2A /* 73.json in Resources */ = {isa = PBXBuildFile; fileRef = 92DAFB1E1CBE14E100EF3D2A /* 73.json */; };
		92DAFB9C1CBE14E200EF3D2A /* 74.json in Resources */ = {isa = PBXBuildFile; fileRef = 92DAFB1F1CBE14E100EF3D2A /* 74.json */; };
		92DAFB9D1CBE14E200EF3D2A /* 75.json in Resources */ = {isa = PBXBuildFile; fileRef = 92DAFB201CBE14E100EF3D2A /* 75.json */; };
		92DAFB9E1CBE14E200EF3D2A /* 76.json in Resources */ = {isa = PBXBuildFile; fileRef = 92DAFB211CBE14E100EF3D2A /* 76.json */; };
		92DAFB9F1CBE14E200EF3D2A /* 77.json in Resources */ = {isa = PBXBuildFile; fileRef = 92DAFB221CBE14E100EF3D2A /* 77.json */; };
		92DAFBA01CBE14E200EF3D2A /* 78.json in Resources */ = {isa = PBXBuildFile; fileRef = 92DAFB231CBE14E100EF3D2A /* 78.json */; };
		92DAFBA11CBE14E200EF3D2A /* 79.json in Resources */ = {isa = PBXBuildFile; fileRef = 92DAFB241CBE14E100EF3D2A /* 79.json */; };
		92DAFBA21CBE14E200EF3D2A /* 80.json in Resources */ = {isa = PBXBuildFile; fileRef = 92DAFB251CBE14E100EF3D2A /* 80.json */; };
		92DAFBA31CBE14E200EF3D2A /* 81.json in Resources */ = {isa = PBXBuildFile; fileRef = 92DAFB261CBE14E100EF3D2A /* 81.json */; };
		92DAFBA41CBE14E200EF3D2A /* 82.json in Resources */ = {isa = PBXBuildFile; fileRef = 92DAFB271CBE14E100EF3D2A /* 82.json */; };
		92DAFBA51CBE14E200EF3D2A /* 83.json in Resources */ = {isa = PBXBuildFile; fileRef = 92DAFB281CBE14E100EF3D2A /* 83.json */; };
		92DAFBA61CBE14E200EF3D2A /* 84.json in Resources */ = {isa = PBXBuildFile; fileRef = 92DAFB291CBE14E100EF3D2A /* 84.json */; };
		92DAFBA71CBE14E200EF3D2A /* 85.json in Resources */ = {isa = PBXBuildFile; fileRef = 92DAFB2A1CBE14E200EF3D2A /* 85.json */; };
		92DAFBA81CBE14E200EF3D2A /* 86.json in Resources */ = {isa = PBXBuildFile; fileRef = 92DAFB2B1CBE14E200EF3D2A /* 86.json */; };
		92DAFBA91CBE14E200EF3D2A /* 87.json in Resources */ = {isa = PBXBuildFile; fileRef = 92DAFB2C1CBE14E200EF3D2A /* 87.json */; };
		92DAFBAA1CBE14E200EF3D2A /* 88.json in Resources */ = {isa = PBXBuildFile; fileRef = 92DAFB2D1CBE14E200EF3D2A /* 88.json */; };
		92DAFBAB1CBE14E200EF3D2A /* 89.json in Resources */ = {isa = PBXBuildFile; fileRef = 92DAFB2E1CBE14E200EF3D2A /* 89.json */; };
		92DAFBAC1CBE14E200EF3D2A /* 90.json in Resources */ = {isa = PBXBuildFile; fileRef = 92DAFB2F1CBE14E200EF3D2A /* 90.json */; };
		92DAFBAD1CBE14E200EF3D2A /* 91.json in Resources */ = {isa = PBXBuildFile; fileRef = 92DAFB301CBE14E200EF3D2A /* 91.json */; };
		92DAFBAE1CBE14E200EF3D2A /* 92.json in Resources */ = {isa = PBXBuildFile; fileRef = 92DAFB311CBE14E200EF3D2A /* 92.json */; };
		92DAFBAF1CBE14E200EF3D2A /* 93.json in Resources */ = {isa = PBXBuildFile; fileRef = 92DAFB321CBE14E200EF3D2A /* 93.json */; };
		92DAFBB01CBE14E200EF3D2A /* 94.json in Resources */ = {isa = PBXBuildFile; fileRef = 92DAFB331CBE14E200EF3D2A /* 94.json */; };
		92DAFBB11CBE14E200EF3D2A /* 95.json in Resources */ = {isa = PBXBuildFile; fileRef = 92DAFB341CBE14E200EF3D2A /* 95.json */; };
		92DAFBB21CBE14E200EF3D2A /* 96.json in Resources */ = {isa = PBXBuildFile; fileRef = 92DAFB351CBE14E200EF3D2A /* 96.json */; };
		92DAFBB31CBE14E200EF3D2A /* 97.json in Resources */ = {isa = PBXBuildFile; fileRef = 92DAFB361CBE14E200EF3D2A /* 97.json */; };
		92DAFBB41CBE14E200EF3D2A /* 98.json in Resources */ = {isa = PBXBuildFile; fileRef = 92DAFB371CBE14E200EF3D2A /* 98.json */; };
		92DAFBB51CBE14E200EF3D2A /* 99.json in Resources */ = {isa = PBXBuildFile; fileRef = 92DAFB381CBE14E200EF3D2A /* 99.json */; };
		92DAFBB61CBE14E200EF3D2A /* 100.json in Resources */ = {isa = PBXBuildFile; fileRef = 92DAFB391CBE14E200EF3D2A /* 100.json */; };
		92DAFBB71CBE14E200EF3D2A /* 101.json in Resources */ = {isa = PBXBuildFile; fileRef = 92DAFB3A1CBE14E200EF3D2A /* 101.json */; };
		92DAFBB81CBE14E200EF3D2A /* 102.json in Resources */ = {isa = PBXBuildFile; fileRef = 92DAFB3B1CBE14E200EF3D2A /* 102.json */; };
		92DAFBB91CBE14E200EF3D2A /* 103.json in Resources */ = {isa = PBXBuildFile; fileRef = 92DAFB3C1CBE14E200EF3D2A /* 103.json */; };
		92DAFBBA1CBE14E200EF3D2A /* 104.json in Resources */ = {isa = PBXBuildFile; fileRef = 92DAFB3D1CBE14E200EF3D2A /* 104.json */; };
		92DAFBBB1CBE14E200EF3D2A /* 105.json in Resources */ = {isa = PBXBuildFile; fileRef = 92DAFB3E1CBE14E200EF3D2A /* 105.json */; };
		92DAFBBC1CBE14E200EF3D2A /* 106.json in Resources */ = {isa = PBXBuildFile; fileRef = 92DAFB3F1CBE14E200EF3D2A /* 106.json */; };
		92DAFBBD1CBE14E200EF3D2A /* 107.json in Resources */ = {isa = PBXBuildFile; fileRef = 92DAFB401CBE14E200EF3D2A /* 107.json */; };
		92DAFBBE1CBE14E200EF3D2A /* 108.json in Resources */ = {isa = PBXBuildFile; fileRef = 92DAFB411CBE14E200EF3D2A /* 108.json */; };
		92DAFBBF1CBE14E200EF3D2A /* 109.json in Resources */ = {isa = PBXBuildFile; fileRef = 92DAFB421CBE14E200EF3D2A /* 109.json */; };
		92DAFBC01CBE14E200EF3D2A /* 110.json in Resources */ = {isa = PBXBuildFile; fileRef = 92DAFB431CBE14E200EF3D2A /* 110.json */; };
		92DAFBC11CBE14E200EF3D2A /* 111.json in Resources */ = {isa = PBXBuildFile; fileRef = 92DAFB441CBE14E200EF3D2A /* 111.json */; };
		92DAFBC21CBE14E200EF3D2A /* 112.json in Resources */ = {isa = PBXBuildFile; fileRef = 92DAFB451CBE14E200EF3D2A /* 112.json */; };
		92DAFBC31CBE14E200EF3D2A /* 113.json in Resources */ = {isa = PBXBuildFile; fileRef = 92DAFB461CBE14E200EF3D2A /* 113.json */; };
		92DAFBC41CBE14E200EF3D2A /* 114.json in Resources */ = {isa = PBXBuildFile; fileRef = 92DAFB471CBE14E200EF3D2A /* 114.json */; };
		92DAFBC51CBE14E200EF3D2A /* 115.json in Resources */ = {isa = PBXBuildFile; fileRef = 92DAFB481CBE14E200EF3D2A /* 115.json */; };
		92DAFBC61CBE14E200EF3D2A /* 116.json in Resources */ = {isa = PBXBuildFile; fileRef = 92DAFB491CBE14E200EF3D2A /* 116.json */; };
		92DAFBC71CBE14E200EF3D2A /* 117.json in Resources */ = {isa = PBXBuildFile; fileRef = 92DAFB4A1CBE14E200EF3D2A /* 117.json */; };
		92DAFBC81CBE14E200EF3D2A /* 118.json in Resources */ = {isa = PBXBuildFile; fileRef = 92DAFB4B1CBE14E200EF3D2A /* 118.json */; };
		92DAFBC91CBE14E200EF3D2A /* 119.json in Resources */ = {isa = PBXBuildFile; fileRef = 92DAFB4C1CBE14E200EF3D2A /* 119.json */; };
		92DAFBCA1CBE14E200EF3D2A /* 120.json in Resources */ = {isa = PBXBuildFile; fileRef = 92DAFB4D1CBE14E200EF3D2A /* 120.json */; };
		92DAFBCB1CBE14E200EF3D2A /* 121.json in Resources */ = {isa = PBXBuildFile; fileRef = 92DAFB4E1CBE14E200EF3D2A /* 121.json */; };
		92DAFBCC1CBE14E200EF3D2A /* 122.json in Resources */ = {isa = PBXBuildFile; fileRef = 92DAFB4F1CBE14E200EF3D2A /* 122.json */; };
		92DAFBCD1CBE14E200EF3D2A /* 123.json in Resources */ = {isa = PBXBuildFile; fileRef = 92DAFB501CBE14E200EF3D2A /* 123.json */; };
		92DAFBCE1CBE14E200EF3D2A /* 124.json in Resources */ = {isa = PBXBuildFile; fileRef = 92DAFB511CBE14E200EF3D2A /* 124.json */; };
		92DAFBCF1CBE14E200EF3D2A /* 125.json in Resources */ = {isa = PBXBuildFile; fileRef = 92DAFB521CBE14E200EF3D2A /* 125.json */; };
		92DAFBD01CBE14E200EF3D2A /* 126.json in Resources */ = {isa = PBXBuildFile; fileRef = 92DAFB531CBE14E200EF3D2A /* 126.json */; };
		92DAFBD21CBE184500EF3D2A /* 1.json in Resources */ = {isa = PBXBuildFile; fileRef = 92DAFBD11CBE184500EF3D2A /* 1.json */; };
/* End PBXBuildFile section */

/* Begin PBXContainerItemProxy section */
		92DA3C031CB7857500AACC3B /* PBXContainerItemProxy */ = {
			isa = PBXContainerItemProxy;
			containerPortal = 92DA3BE61CB7857500AACC3B /* Project object */;
			proxyType = 1;
			remoteGlobalIDString = 92DA3BED1CB7857500AACC3B;
			remoteInfo = MusicToolbox;
		};
		92DA3C0E1CB7857500AACC3B /* PBXContainerItemProxy */ = {
			isa = PBXContainerItemProxy;
			containerPortal = 92DA3BE61CB7857500AACC3B /* Project object */;
			proxyType = 1;
			remoteGlobalIDString = 92DA3BED1CB7857500AACC3B;
			remoteInfo = MusicToolbox;
		};
/* End PBXContainerItemProxy section */

/* Begin PBXFileReference section */
		9235832D1CBCCA240054B3E8 /* LoadingViewController.swift */ = {isa = PBXFileReference; fileEncoding = 4; lastKnownFileType = sourcecode.swift; path = LoadingViewController.swift; sourceTree = "<group>"; };
		927D7BA31CBB35B700955219 /* Word+CoreDataProperties.swift */ = {isa = PBXFileReference; fileEncoding = 4; lastKnownFileType = sourcecode.swift; path = "Word+CoreDataProperties.swift"; sourceTree = "<group>"; };
		927D7BA41CBB35B700955219 /* Word.swift */ = {isa = PBXFileReference; fileEncoding = 4; lastKnownFileType = sourcecode.swift; path = Word.swift; sourceTree = "<group>"; };
		927D7BA51CBB35B700955219 /* WordExplanation+CoreDataProperties.swift */ = {isa = PBXFileReference; fileEncoding = 4; lastKnownFileType = sourcecode.swift; path = "WordExplanation+CoreDataProperties.swift"; sourceTree = "<group>"; };
		927D7BA61CBB35B700955219 /* WordExplanation.swift */ = {isa = PBXFileReference; fileEncoding = 4; lastKnownFileType = sourcecode.swift; path = WordExplanation.swift; sourceTree = "<group>"; };
		927D7BAB1CBB408000955219 /* WordDetailViewController.swift */ = {isa = PBXFileReference; fileEncoding = 4; lastKnownFileType = sourcecode.swift; path = WordDetailViewController.swift; sourceTree = "<group>"; };
		92B29DEC1CB8BCA500A8BD5C /* WordTableViewController.swift */ = {isa = PBXFileReference; fileEncoding = 4; lastKnownFileType = sourcecode.swift; path = WordTableViewController.swift; sourceTree = "<group>"; };
		92B29DEE1CB8BDF700A8BD5C /* WordTableViewCell.swift */ = {isa = PBXFileReference; fileEncoding = 4; lastKnownFileType = sourcecode.swift; path = WordTableViewCell.swift; sourceTree = "<group>"; };
		92B29EF41CB8D5B400A8BD5C /* MusicToolbox.xcdatamodel */ = {isa = PBXFileReference; lastKnownFileType = wrapper.xcdatamodel; path = MusicToolbox.xcdatamodel; sourceTree = "<group>"; };
		92DA3BEE1CB7857500AACC3B /* MusicBook.app */ = {isa = PBXFileReference; explicitFileType = wrapper.application; includeInIndex = 0; path = MusicBook.app; sourceTree = BUILT_PRODUCTS_DIR; };
		92DA3BF11CB7857500AACC3B /* AppDelegate.swift */ = {isa = PBXFileReference; lastKnownFileType = sourcecode.swift; path = AppDelegate.swift; sourceTree = "<group>"; };
		92DA3BF61CB7857500AACC3B /* Base */ = {isa = PBXFileReference; lastKnownFileType = file.storyboard; name = Base; path = Base.lproj/Main.storyboard; sourceTree = "<group>"; };
		92DA3BF81CB7857500AACC3B /* Assets.xcassets */ = {isa = PBXFileReference; lastKnownFileType = folder.assetcatalog; path = Assets.xcassets; sourceTree = "<group>"; };
		92DA3BFB1CB7857500AACC3B /* Base */ = {isa = PBXFileReference; lastKnownFileType = file.storyboard; name = Base; path = Base.lproj/LaunchScreen.storyboard; sourceTree = "<group>"; };
		92DA3BFD1CB7857500AACC3B /* Info.plist */ = {isa = PBXFileReference; lastKnownFileType = text.plist.xml; path = Info.plist; sourceTree = "<group>"; };
		92DA3C021CB7857500AACC3B /* MusicBook.xctest */ = {isa = PBXFileReference; explicitFileType = wrapper.cfbundle; includeInIndex = 0; path = MusicBook.xctest; sourceTree = BUILT_PRODUCTS_DIR; };
		92DA3C061CB7857500AACC3B /* MusicToolboxTests.swift */ = {isa = PBXFileReference; lastKnownFileType = sourcecode.swift; path = MusicToolboxTests.swift; sourceTree = "<group>"; };
		92DA3C081CB7857500AACC3B /* Info.plist */ = {isa = PBXFileReference; lastKnownFileType = text.plist.xml; path = Info.plist; sourceTree = "<group>"; };
		92DA3C0D1CB7857500AACC3B /* MusicBook.xctest */ = {isa = PBXFileReference; explicitFileType = wrapper.cfbundle; includeInIndex = 0; path = MusicBook.xctest; sourceTree = BUILT_PRODUCTS_DIR; };
		92DA3C111CB7857500AACC3B /* MusicToolboxUITests.swift */ = {isa = PBXFileReference; lastKnownFileType = sourcecode.swift; path = MusicToolboxUITests.swift; sourceTree = "<group>"; };
		92DA3C131CB7857500AACC3B /* Info.plist */ = {isa = PBXFileReference; lastKnownFileType = text.plist.xml; path = Info.plist; sourceTree = "<group>"; };
		92DAFAD71CBE14E100EF3D2A /* 2.json */ = {isa = PBXFileReference; fileEncoding = 4; lastKnownFileType = text.json; name = 2.json; path = ../../scrapper/dict/2.json; sourceTree = "<group>"; };
		92DAFAD81CBE14E100EF3D2A /* 3.json */ = {isa = PBXFileReference; fileEncoding = 4; lastKnownFileType = text.json; name = 3.json; path = ../../scrapper/dict/3.json; sourceTree = "<group>"; };
		92DAFAD91CBE14E100EF3D2A /* 4.json */ = {isa = PBXFileReference; fileEncoding = 4; lastKnownFileType = text.json; name = 4.json; path = ../../scrapper/dict/4.json; sourceTree = "<group>"; };
		92DAFADA1CBE14E100EF3D2A /* 5.json */ = {isa = PBXFileReference; fileEncoding = 4; lastKnownFileType = text.json; name = 5.json; path = ../../scrapper/dict/5.json; sourceTree = "<group>"; };
		92DAFADB1CBE14E100EF3D2A /* 6.json */ = {isa = PBXFileReference; fileEncoding = 4; lastKnownFileType = text.json; name = 6.json; path = ../../scrapper/dict/6.json; sourceTree = "<group>"; };
		92DAFADC1CBE14E100EF3D2A /* 7.json */ = {isa = PBXFileReference; fileEncoding = 4; lastKnownFileType = text.json; name = 7.json; path = ../../scrapper/dict/7.json; sourceTree = "<group>"; };
		92DAFADD1CBE14E100EF3D2A /* 8.json */ = {isa = PBXFileReference; fileEncoding = 4; lastKnownFileType = text.json; name = 8.json; path = ../../scrapper/dict/8.json; sourceTree = "<group>"; };
		92DAFADE1CBE14E100EF3D2A /* 9.json */ = {isa = PBXFileReference; fileEncoding = 4; lastKnownFileType = text.json; name = 9.json; path = ../../scrapper/dict/9.json; sourceTree = "<group>"; };
		92DAFADF1CBE14E100EF3D2A /* 10.json */ = {isa = PBXFileReference; fileEncoding = 4; lastKnownFileType = text.json; name = 10.json; path = ../../scrapper/dict/10.json; sourceTree = "<group>"; };
		92DAFAE01CBE14E100EF3D2A /* 11.json */ = {isa = PBXFileReference; fileEncoding = 4; lastKnownFileType = text.json; name = 11.json; path = ../../scrapper/dict/11.json; sourceTree = "<group>"; };
		92DAFAE11CBE14E100EF3D2A /* 12.json */ = {isa = PBXFileReference; fileEncoding = 4; lastKnownFileType = text.json; name = 12.json; path = ../../scrapper/dict/12.json; sourceTree = "<group>"; };
		92DAFAE21CBE14E100EF3D2A /* 13.json */ = {isa = PBXFileReference; fileEncoding = 4; lastKnownFileType = text.json; name = 13.json; path = ../../scrapper/dict/13.json; sourceTree = "<group>"; };
		92DAFAE31CBE14E100EF3D2A /* 14.json */ = {isa = PBXFileReference; fileEncoding = 4; lastKnownFileType = text.json; name = 14.json; path = ../../scrapper/dict/14.json; sourceTree = "<group>"; };
		92DAFAE41CBE14E100EF3D2A /* 15.json */ = {isa = PBXFileReference; fileEncoding = 4; lastKnownFileType = text.json; name = 15.json; path = ../../scrapper/dict/15.json; sourceTree = "<group>"; };
		92DAFAE51CBE14E100EF3D2A /* 16.json */ = {isa = PBXFileReference; fileEncoding = 4; lastKnownFileType = text.json; name = 16.json; path = ../../scrapper/dict/16.json; sourceTree = "<group>"; };
		92DAFAE61CBE14E100EF3D2A /* 17.json */ = {isa = PBXFileReference; fileEncoding = 4; lastKnownFileType = text.json; name = 17.json; path = ../../scrapper/dict/17.json; sourceTree = "<group>"; };
		92DAFAE71CBE14E100EF3D2A /* 18.json */ = {isa = PBXFileReference; fileEncoding = 4; lastKnownFileType = text.json; name = 18.json; path = ../../scrapper/dict/18.json; sourceTree = "<group>"; };
		92DAFAE81CBE14E100EF3D2A /* 19.json */ = {isa = PBXFileReference; fileEncoding = 4; lastKnownFileType = text.json; name = 19.json; path = ../../scrapper/dict/19.json; sourceTree = "<group>"; };
		92DAFAE91CBE14E100EF3D2A /* 20.json */ = {isa = PBXFileReference; fileEncoding = 4; lastKnownFileType = text.json; name = 20.json; path = ../../scrapper/dict/20.json; sourceTree = "<group>"; };
		92DAFAEA1CBE14E100EF3D2A /* 21.json */ = {isa = PBXFileReference; fileEncoding = 4; lastKnownFileType = text.json; name = 21.json; path = ../../scrapper/dict/21.json; sourceTree = "<group>"; };
		92DAFAEB1CBE14E100EF3D2A /* 22.json */ = {isa = PBXFileReference; fileEncoding = 4; lastKnownFileType = text.json; name = 22.json; path = ../../scrapper/dict/22.json; sourceTree = "<group>"; };
		92DAFAEC1CBE14E100EF3D2A /* 23.json */ = {isa = PBXFileReference; fileEncoding = 4; lastKnownFileType = text.json; name = 23.json; path = ../../scrapper/dict/23.json; sourceTree = "<group>"; };
		92DAFAED1CBE14E100EF3D2A /* 24.json */ = {isa = PBXFileReference; fileEncoding = 4; lastKnownFileType = text.json; name = 24.json; path = ../../scrapper/dict/24.json; sourceTree = "<group>"; };
		92DAFAEE1CBE14E100EF3D2A /* 25.json */ = {isa = PBXFileReference; fileEncoding = 4; lastKnownFileType = text.json; name = 25.json; path = ../../scrapper/dict/25.json; sourceTree = "<group>"; };
		92DAFAEF1CBE14E100EF3D2A /* 26.json */ = {isa = PBXFileReference; fileEncoding = 4; lastKnownFileType = text.json; name = 26.json; path = ../../scrapper/dict/26.json; sourceTree = "<group>"; };
		92DAFAF01CBE14E100EF3D2A /* 27.json */ = {isa = PBXFileReference; fileEncoding = 4; lastKnownFileType = text.json; name = 27.json; path = ../../scrapper/dict/27.json; sourceTree = "<group>"; };
		92DAFAF11CBE14E100EF3D2A /* 28.json */ = {isa = PBXFileReference; fileEncoding = 4; lastKnownFileType = text.json; name = 28.json; path = ../../scrapper/dict/28.json; sourceTree = "<group>"; };
		92DAFAF21CBE14E100EF3D2A /* 29.json */ = {isa = PBXFileReference; fileEncoding = 4; lastKnownFileType = text.json; name = 29.json; path = ../../scrapper/dict/29.json; sourceTree = "<group>"; };
		92DAFAF31CBE14E100EF3D2A /* 30.json */ = {isa = PBXFileReference; fileEncoding = 4; lastKnownFileType = text.json; name = 30.json; path = ../../scrapper/dict/30.json; sourceTree = "<group>"; };
		92DAFAF41CBE14E100EF3D2A /* 31.json */ = {isa = PBXFileReference; fileEncoding = 4; lastKnownFileType = text.json; name = 31.json; path = ../../scrapper/dict/31.json; sourceTree = "<group>"; };
		92DAFAF51CBE14E100EF3D2A /* 32.json */ = {isa = PBXFileReference; fileEncoding = 4; lastKnownFileType = text.json; name = 32.json; path = ../../scrapper/dict/32.json; sourceTree = "<group>"; };
		92DAFAF61CBE14E100EF3D2A /* 33.json */ = {isa = PBXFileReference; fileEncoding = 4; lastKnownFileType = text.json; name = 33.json; path = ../../scrapper/dict/33.json; sourceTree = "<group>"; };
		92DAFAF71CBE14E100EF3D2A /* 34.json */ = {isa = PBXFileReference; fileEncoding = 4; lastKnownFileType = text.json; name = 34.json; path = ../../scrapper/dict/34.json; sourceTree = "<group>"; };
		92DAFAF81CBE14E100EF3D2A /* 35.json */ = {isa = PBXFileReference; fileEncoding = 4; lastKnownFileType = text.json; name = 35.json; path = ../../scrapper/dict/35.json; sourceTree = "<group>"; };
		92DAFAF91CBE14E100EF3D2A /* 36.json */ = {isa = PBXFileReference; fileEncoding = 4; lastKnownFileType = text.json; name = 36.json; path = ../../scrapper/dict/36.json; sourceTree = "<group>"; };
		92DAFAFA1CBE14E100EF3D2A /* 37.json */ = {isa = PBXFileReference; fileEncoding = 4; lastKnownFileType = text.json; name = 37.json; path = ../../scrapper/dict/37.json; sourceTree = "<group>"; };
		92DAFAFB1CBE14E100EF3D2A /* 38.json */ = {isa = PBXFileReference; fileEncoding = 4; lastKnownFileType = text.json; name = 38.json; path = ../../scrapper/dict/38.json; sourceTree = "<group>"; };
		92DAFAFC1CBE14E100EF3D2A /* 39.json */ = {isa = PBXFileReference; fileEncoding = 4; lastKnownFileType = text.json; name = 39.json; path = ../../scrapper/dict/39.json; sourceTree = "<group>"; };
		92DAFAFD1CBE14E100EF3D2A /* 40.json */ = {isa = PBXFileReference; fileEncoding = 4; lastKnownFileType = text.json; name = 40.json; path = ../../scrapper/dict/40.json; sourceTree = "<group>"; };
		92DAFAFE1CBE14E100EF3D2A /* 41.json */ = {isa = PBXFileReference; fileEncoding = 4; lastKnownFileType = text.json; name = 41.json; path = ../../scrapper/dict/41.json; sourceTree = "<group>"; };
		92DAFAFF1CBE14E100EF3D2A /* 42.json */ = {isa = PBXFileReference; fileEncoding = 4; lastKnownFileType = text.json; name = 42.json; path = ../../scrapper/dict/42.json; sourceTree = "<group>"; };
		92DAFB001CBE14E100EF3D2A /* 43.json */ = {isa = PBXFileReference; fileEncoding = 4; lastKnownFileType = text.json; name = 43.json; path = ../../scrapper/dict/43.json; sourceTree = "<group>"; };
		92DAFB011CBE14E100EF3D2A /* 44.json */ = {isa = PBXFileReference; fileEncoding = 4; lastKnownFileType = text.json; name = 44.json; path = ../../scrapper/dict/44.json; sourceTree = "<group>"; };
		92DAFB021CBE14E100EF3D2A /* 45.json */ = {isa = PBXFileReference; fileEncoding = 4; lastKnownFileType = text.json; name = 45.json; path = ../../scrapper/dict/45.json; sourceTree = "<group>"; };
		92DAFB031CBE14E100EF3D2A /* 46.json */ = {isa = PBXFileReference; fileEncoding = 4; lastKnownFileType = text.json; name = 46.json; path = ../../scrapper/dict/46.json; sourceTree = "<group>"; };
		92DAFB041CBE14E100EF3D2A /* 47.json */ = {isa = PBXFileReference; fileEncoding = 4; lastKnownFileType = text.json; name = 47.json; path = ../../scrapper/dict/47.json; sourceTree = "<group>"; };
		92DAFB051CBE14E100EF3D2A /* 48.json */ = {isa = PBXFileReference; fileEncoding = 4; lastKnownFileType = text.json; name = 48.json; path = ../../scrapper/dict/48.json; sourceTree = "<group>"; };
		92DAFB061CBE14E100EF3D2A /* 49.json */ = {isa = PBXFileReference; fileEncoding = 4; lastKnownFileType = text.json; name = 49.json; path = ../../scrapper/dict/49.json; sourceTree = "<group>"; };
		92DAFB071CBE14E100EF3D2A /* 50.json */ = {isa = PBXFileReference; fileEncoding = 4; lastKnownFileType = text.json; name = 50.json; path = ../../scrapper/dict/50.json; sourceTree = "<group>"; };
		92DAFB081CBE14E100EF3D2A /* 51.json */ = {isa = PBXFileReference; fileEncoding = 4; lastKnownFileType = text.json; name = 51.json; path = ../../scrapper/dict/51.json; sourceTree = "<group>"; };
		92DAFB091CBE14E100EF3D2A /* 52.json */ = {isa = PBXFileReference; fileEncoding = 4; lastKnownFileType = text.json; name = 52.json; path = ../../scrapper/dict/52.json; sourceTree = "<group>"; };
		92DAFB0A1CBE14E100EF3D2A /* 53.json */ = {isa = PBXFileReference; fileEncoding = 4; lastKnownFileType = text.json; name = 53.json; path = ../../scrapper/dict/53.json; sourceTree = "<group>"; };
		92DAFB0B1CBE14E100EF3D2A /* 54.json */ = {isa = PBXFileReference; fileEncoding = 4; lastKnownFileType = text.json; name = 54.json; path = ../../scrapper/dict/54.json; sourceTree = "<group>"; };
		92DAFB0C1CBE14E100EF3D2A /* 55.json */ = {isa = PBXFileReference; fileEncoding = 4; lastKnownFileType = text.json; name = 55.json; path = ../../scrapper/dict/55.json; sourceTree = "<group>"; };
		92DAFB0D1CBE14E100EF3D2A /* 56.json */ = {isa = PBXFileReference; fileEncoding = 4; lastKnownFileType = text.json; name = 56.json; path = ../../scrapper/dict/56.json; sourceTree = "<group>"; };
		92DAFB0E1CBE14E100EF3D2A /* 57.json */ = {isa = PBXFileReference; fileEncoding = 4; lastKnownFileType = text.json; name = 57.json; path = ../../scrapper/dict/57.json; sourceTree = "<group>"; };
		92DAFB0F1CBE14E100EF3D2A /* 58.json */ = {isa = PBXFileReference; fileEncoding = 4; lastKnownFileType = text.json; name = 58.json; path = ../../scrapper/dict/58.json; sourceTree = "<group>"; };
		92DAFB101CBE14E100EF3D2A /* 59.json */ = {isa = PBXFileReference; fileEncoding = 4; lastKnownFileType = text.json; name = 59.json; path = ../../scrapper/dict/59.json; sourceTree = "<group>"; };
		92DAFB111CBE14E100EF3D2A /* 60.json */ = {isa = PBXFileReference; fileEncoding = 4; lastKnownFileType = text.json; name = 60.json; path = ../../scrapper/dict/60.json; sourceTree = "<group>"; };
		92DAFB121CBE14E100EF3D2A /* 61.json */ = {isa = PBXFileReference; fileEncoding = 4; lastKnownFileType = text.json; name = 61.json; path = ../../scrapper/dict/61.json; sourceTree = "<group>"; };
		92DAFB131CBE14E100EF3D2A /* 62.json */ = {isa = PBXFileReference; fileEncoding = 4; lastKnownFileType = text.json; name = 62.json; path = ../../scrapper/dict/62.json; sourceTree = "<group>"; };
		92DAFB141CBE14E100EF3D2A /* 63.json */ = {isa = PBXFileReference; fileEncoding = 4; lastKnownFileType = text.json; name = 63.json; path = ../../scrapper/dict/63.json; sourceTree = "<group>"; };
		92DAFB151CBE14E100EF3D2A /* 64.json */ = {isa = PBXFileReference; fileEncoding = 4; lastKnownFileType = text.json; name = 64.json; path = ../../scrapper/dict/64.json; sourceTree = "<group>"; };
		92DAFB161CBE14E100EF3D2A /* 65.json */ = {isa = PBXFileReference; fileEncoding = 4; lastKnownFileType = text.json; name = 65.json; path = ../../scrapper/dict/65.json; sourceTree = "<group>"; };
		92DAFB171CBE14E100EF3D2A /* 66.json */ = {isa = PBXFileReference; fileEncoding = 4; lastKnownFileType = text.json; name = 66.json; path = ../../scrapper/dict/66.json; sourceTree = "<group>"; };
		92DAFB181CBE14E100EF3D2A /* 67.json */ = {isa = PBXFileReference; fileEncoding = 4; lastKnownFileType = text.json; name = 67.json; path = ../../scrapper/dict/67.json; sourceTree = "<group>"; };
		92DAFB191CBE14E100EF3D2A /* 68.json */ = {isa = PBXFileReference; fileEncoding = 4; lastKnownFileType = text.json; name = 68.json; path = ../../scrapper/dict/68.json; sourceTree = "<group>"; };
		92DAFB1A1CBE14E100EF3D2A /* 69.json */ = {isa = PBXFileReference; fileEncoding = 4; lastKnownFileType = text.json; name = 69.json; path = ../../scrapper/dict/69.json; sourceTree = "<group>"; };
		92DAFB1B1CBE14E100EF3D2A /* 70.json */ = {isa = PBXFileReference; fileEncoding = 4; lastKnownFileType = text.json; name = 70.json; path = ../../scrapper/dict/70.json; sourceTree = "<group>"; };
		92DAFB1C1CBE14E100EF3D2A /* 71.json */ = {isa = PBXFileReference; fileEncoding = 4; lastKnownFileType = text.json; name = 71.json; path = ../../scrapper/dict/71.json; sourceTree = "<group>"; };
		92DAFB1D1CBE14E100EF3D2A /* 72.json */ = {isa = PBXFileReference; fileEncoding = 4; lastKnownFileType = text.json; name = 72.json; path = ../../scrapper/dict/72.json; sourceTree = "<group>"; };
		92DAFB1E1CBE14E100EF3D2A /* 73.json */ = {isa = PBXFileReference; fileEncoding = 4; lastKnownFileType = text.json; name = 73.json; path = ../../scrapper/dict/73.json; sourceTree = "<group>"; };
		92DAFB1F1CBE14E100EF3D2A /* 74.json */ = {isa = PBXFileReference; fileEncoding = 4; lastKnownFileType = text.json; name = 74.json; path = ../../scrapper/dict/74.json; sourceTree = "<group>"; };
		92DAFB201CBE14E100EF3D2A /* 75.json */ = {isa = PBXFileReference; fileEncoding = 4; lastKnownFileType = text.json; name = 75.json; path = ../../scrapper/dict/75.json; sourceTree = "<group>"; };
		92DAFB211CBE14E100EF3D2A /* 76.json */ = {isa = PBXFileReference; fileEncoding = 4; lastKnownFileType = text.json; name = 76.json; path = ../../scrapper/dict/76.json; sourceTree = "<group>"; };
		92DAFB221CBE14E100EF3D2A /* 77.json */ = {isa = PBXFileReference; fileEncoding = 4; lastKnownFileType = text.json; name = 77.json; path = ../../scrapper/dict/77.json; sourceTree = "<group>"; };
		92DAFB231CBE14E100EF3D2A /* 78.json */ = {isa = PBXFileReference; fileEncoding = 4; lastKnownFileType = text.json; name = 78.json; path = ../../scrapper/dict/78.json; sourceTree = "<group>"; };
		92DAFB241CBE14E100EF3D2A /* 79.json */ = {isa = PBXFileReference; fileEncoding = 4; lastKnownFileType = text.json; name = 79.json; path = ../../scrapper/dict/79.json; sourceTree = "<group>"; };
		92DAFB251CBE14E100EF3D2A /* 80.json */ = {isa = PBXFileReference; fileEncoding = 4; lastKnownFileType = text.json; name = 80.json; path = ../../scrapper/dict/80.json; sourceTree = "<group>"; };
		92DAFB261CBE14E100EF3D2A /* 81.json */ = {isa = PBXFileReference; fileEncoding = 4; lastKnownFileType = text.json; name = 81.json; path = ../../scrapper/dict/81.json; sourceTree = "<group>"; };
		92DAFB271CBE14E100EF3D2A /* 82.json */ = {isa = PBXFileReference; fileEncoding = 4; lastKnownFileType = text.json; name = 82.json; path = ../../scrapper/dict/82.json; sourceTree = "<group>"; };
		92DAFB281CBE14E100EF3D2A /* 83.json */ = {isa = PBXFileReference; fileEncoding = 4; lastKnownFileType = text.json; name = 83.json; path = ../../scrapper/dict/83.json; sourceTree = "<group>"; };
		92DAFB291CBE14E100EF3D2A /* 84.json */ = {isa = PBXFileReference; fileEncoding = 4; lastKnownFileType = text.json; name = 84.json; path = ../../scrapper/dict/84.json; sourceTree = "<group>"; };
		92DAFB2A1CBE14E200EF3D2A /* 85.json */ = {isa = PBXFileReference; fileEncoding = 4; lastKnownFileType = text.json; name = 85.json; path = ../../scrapper/dict/85.json; sourceTree = "<group>"; };
		92DAFB2B1CBE14E200EF3D2A /* 86.json */ = {isa = PBXFileReference; fileEncoding = 4; lastKnownFileType = text.json; name = 86.json; path = ../../scrapper/dict/86.json; sourceTree = "<group>"; };
		92DAFB2C1CBE14E200EF3D2A /* 87.json */ = {isa = PBXFileReference; fileEncoding = 4; lastKnownFileType = text.json; name = 87.json; path = ../../scrapper/dict/87.json; sourceTree = "<group>"; };
		92DAFB2D1CBE14E200EF3D2A /* 88.json */ = {isa = PBXFileReference; fileEncoding = 4; lastKnownFileType = text.json; name = 88.json; path = ../../scrapper/dict/88.json; sourceTree = "<group>"; };
		92DAFB2E1CBE14E200EF3D2A /* 89.json */ = {isa = PBXFileReference; fileEncoding = 4; lastKnownFileType = text.json; name = 89.json; path = ../../scrapper/dict/89.json; sourceTree = "<group>"; };
		92DAFB2F1CBE14E200EF3D2A /* 90.json */ = {isa = PBXFileReference; fileEncoding = 4; lastKnownFileType = text.json; name = 90.json; path = ../../scrapper/dict/90.json; sourceTree = "<group>"; };
		92DAFB301CBE14E200EF3D2A /* 91.json */ = {isa = PBXFileReference; fileEncoding = 4; lastKnownFileType = text.json; name = 91.json; path = ../../scrapper/dict/91.json; sourceTree = "<group>"; };
		92DAFB311CBE14E200EF3D2A /* 92.json */ = {isa = PBXFileReference; fileEncoding = 4; lastKnownFileType = text.json; name = 92.json; path = ../../scrapper/dict/92.json; sourceTree = "<group>"; };
		92DAFB321CBE14E200EF3D2A /* 93.json */ = {isa = PBXFileReference; fileEncoding = 4; lastKnownFileType = text.json; name = 93.json; path = ../../scrapper/dict/93.json; sourceTree = "<group>"; };
		92DAFB331CBE14E200EF3D2A /* 94.json */ = {isa = PBXFileReference; fileEncoding = 4; lastKnownFileType = text.json; name = 94.json; path = ../../scrapper/dict/94.json; sourceTree = "<group>"; };
		92DAFB341CBE14E200EF3D2A /* 95.json */ = {isa = PBXFileReference; fileEncoding = 4; lastKnownFileType = text.json; name = 95.json; path = ../../scrapper/dict/95.json; sourceTree = "<group>"; };
		92DAFB351CBE14E200EF3D2A /* 96.json */ = {isa = PBXFileReference; fileEncoding = 4; lastKnownFileType = text.json; name = 96.json; path = ../../scrapper/dict/96.json; sourceTree = "<group>"; };
		92DAFB361CBE14E200EF3D2A /* 97.json */ = {isa = PBXFileReference; fileEncoding = 4; lastKnownFileType = text.json; name = 97.json; path = ../../scrapper/dict/97.json; sourceTree = "<group>"; };
		92DAFB371CBE14E200EF3D2A /* 98.json */ = {isa = PBXFileReference; fileEncoding = 4; lastKnownFileType = text.json; name = 98.json; path = ../../scrapper/dict/98.json; sourceTree = "<group>"; };
		92DAFB381CBE14E200EF3D2A /* 99.json */ = {isa = PBXFileReference; fileEncoding = 4; lastKnownFileType = text.json; name = 99.json; path = ../../scrapper/dict/99.json; sourceTree = "<group>"; };
		92DAFB391CBE14E200EF3D2A /* 100.json */ = {isa = PBXFileReference; fileEncoding = 4; lastKnownFileType = text.json; name = 100.json; path = ../../scrapper/dict/100.json; sourceTree = "<group>"; };
		92DAFB3A1CBE14E200EF3D2A /* 101.json */ = {isa = PBXFileReference; fileEncoding = 4; lastKnownFileType = text.json; name = 101.json; path = ../../scrapper/dict/101.json; sourceTree = "<group>"; };
		92DAFB3B1CBE14E200EF3D2A /* 102.json */ = {isa = PBXFileReference; fileEncoding = 4; lastKnownFileType = text.json; name = 102.json; path = ../../scrapper/dict/102.json; sourceTree = "<group>"; };
		92DAFB3C1CBE14E200EF3D2A /* 103.json */ = {isa = PBXFileReference; fileEncoding = 4; lastKnownFileType = text.json; name = 103.json; path = ../../scrapper/dict/103.json; sourceTree = "<group>"; };
		92DAFB3D1CBE14E200EF3D2A /* 104.json */ = {isa = PBXFileReference; fileEncoding = 4; lastKnownFileType = text.json; name = 104.json; path = ../../scrapper/dict/104.json; sourceTree = "<group>"; };
		92DAFB3E1CBE14E200EF3D2A /* 105.json */ = {isa = PBXFileReference; fileEncoding = 4; lastKnownFileType = text.json; name = 105.json; path = ../../scrapper/dict/105.json; sourceTree = "<group>"; };
		92DAFB3F1CBE14E200EF3D2A /* 106.json */ = {isa = PBXFileReference; fileEncoding = 4; lastKnownFileType = text.json; name = 106.json; path = ../../scrapper/dict/106.json; sourceTree = "<group>"; };
		92DAFB401CBE14E200EF3D2A /* 107.json */ = {isa = PBXFileReference; fileEncoding = 4; lastKnownFileType = text.json; name = 107.json; path = ../../scrapper/dict/107.json; sourceTree = "<group>"; };
		92DAFB411CBE14E200EF3D2A /* 108.json */ = {isa = PBXFileReference; fileEncoding = 4; lastKnownFileType = text.json; name = 108.json; path = ../../scrapper/dict/108.json; sourceTree = "<group>"; };
		92DAFB421CBE14E200EF3D2A /* 109.json */ = {isa = PBXFileReference; fileEncoding = 4; lastKnownFileType = text.json; name = 109.json; path = ../../scrapper/dict/109.json; sourceTree = "<group>"; };
		92DAFB431CBE14E200EF3D2A /* 110.json */ = {isa = PBXFileReference; fileEncoding = 4; lastKnownFileType = text.json; name = 110.json; path = ../../scrapper/dict/110.json; sourceTree = "<group>"; };
		92DAFB441CBE14E200EF3D2A /* 111.json */ = {isa = PBXFileReference; fileEncoding = 4; lastKnownFileType = text.json; name = 111.json; path = ../../scrapper/dict/111.json; sourceTree = "<group>"; };
		92DAFB451CBE14E200EF3D2A /* 112.json */ = {isa = PBXFileReference; fileEncoding = 4; lastKnownFileType = text.json; name = 112.json; path = ../../scrapper/dict/112.json; sourceTree = "<group>"; };
		92DAFB461CBE14E200EF3D2A /* 113.json */ = {isa = PBXFileReference; fileEncoding = 4; lastKnownFileType = text.json; name = 113.json; path = ../../scrapper/dict/113.json; sourceTree = "<group>"; };
		92DAFB471CBE14E200EF3D2A /* 114.json */ = {isa = PBXFileReference; fileEncoding = 4; lastKnownFileType = text.json; name = 114.json; path = ../../scrapper/dict/114.json; sourceTree = "<group>"; };
		92DAFB481CBE14E200EF3D2A /* 115.json */ = {isa = PBXFileReference; fileEncoding = 4; lastKnownFileType = text.json; name = 115.json; path = ../../scrapper/dict/115.json; sourceTree = "<group>"; };
		92DAFB491CBE14E200EF3D2A /* 116.json */ = {isa = PBXFileReference; fileEncoding = 4; lastKnownFileType = text.json; name = 116.json; path = ../../scrapper/dict/116.json; sourceTree = "<group>"; };
		92DAFB4A1CBE14E200EF3D2A /* 117.json */ = {isa = PBXFileReference; fileEncoding = 4; lastKnownFileType = text.json; name = 117.json; path = ../../scrapper/dict/117.json; sourceTree = "<group>"; };
		92DAFB4B1CBE14E200EF3D2A /* 118.json */ = {isa = PBXFileReference; fileEncoding = 4; lastKnownFileType = text.json; name = 118.json; path = ../../scrapper/dict/118.json; sourceTree = "<group>"; };
		92DAFB4C1CBE14E200EF3D2A /* 119.json */ = {isa = PBXFileReference; fileEncoding = 4; lastKnownFileType = text.json; name = 119.json; path = ../../scrapper/dict/119.json; sourceTree = "<group>"; };
		92DAFB4D1CBE14E200EF3D2A /* 120.json */ = {isa = PBXFileReference; fileEncoding = 4; lastKnownFileType = text.json; name = 120.json; path = ../../scrapper/dict/120.json; sourceTree = "<group>"; };
		92DAFB4E1CBE14E200EF3D2A /* 121.json */ = {isa = PBXFileReference; fileEncoding = 4; lastKnownFileType = text.json; name = 121.json; path = ../../scrapper/dict/121.json; sourceTree = "<group>"; };
		92DAFB4F1CBE14E200EF3D2A /* 122.json */ = {isa = PBXFileReference; fileEncoding = 4; lastKnownFileType = text.json; name = 122.json; path = ../../scrapper/dict/122.json; sourceTree = "<group>"; };
		92DAFB501CBE14E200EF3D2A /* 123.json */ = {isa = PBXFileReference; fileEncoding = 4; lastKnownFileType = text.json; name = 123.json; path = ../../scrapper/dict/123.json; sourceTree = "<group>"; };
		92DAFB511CBE14E200EF3D2A /* 124.json */ = {isa = PBXFileReference; fileEncoding = 4; lastKnownFileType = text.json; name = 124.json; path = ../../scrapper/dict/124.json; sourceTree = "<group>"; };
		92DAFB521CBE14E200EF3D2A /* 125.json */ = {isa = PBXFileReference; fileEncoding = 4; lastKnownFileType = text.json; name = 125.json; path = ../../scrapper/dict/125.json; sourceTree = "<group>"; };
		92DAFB531CBE14E200EF3D2A /* 126.json */ = {isa = PBXFileReference; fileEncoding = 4; lastKnownFileType = text.json; name = 126.json; path = ../../scrapper/dict/126.json; sourceTree = "<group>"; };
		92DAFBD11CBE184500EF3D2A /* 1.json */ = {isa = PBXFileReference; fileEncoding = 4; lastKnownFileType = text.json; name = 1.json; path = ../../scrapper/dict/1.json; sourceTree = "<group>"; };
/* End PBXFileReference section */

/* Begin PBXFrameworksBuildPhase section */
		92DA3BEB1CB7857500AACC3B /* Frameworks */ = {
			isa = PBXFrameworksBuildPhase;
			buildActionMask = 2147483647;
			files = (
			);
			runOnlyForDeploymentPostprocessing = 0;
		};
		92DA3BFF1CB7857500AACC3B /* Frameworks */ = {
			isa = PBXFrameworksBuildPhase;
			buildActionMask = 2147483647;
			files = (
			);
			runOnlyForDeploymentPostprocessing = 0;
		};
		92DA3C0A1CB7857500AACC3B /* Frameworks */ = {
			isa = PBXFrameworksBuildPhase;
			buildActionMask = 2147483647;
			files = (
			);
			runOnlyForDeploymentPostprocessing = 0;
		};
/* End PBXFrameworksBuildPhase section */

/* Begin PBXGroup section */
		923CCB291CB8FBA2005ADB29 /* data */ = {
			isa = PBXGroup;
			children = (
				92DAFBD11CBE184500EF3D2A /* 1.json */,
				92DAFAD71CBE14E100EF3D2A /* 2.json */,
				92DAFAD81CBE14E100EF3D2A /* 3.json */,
				92DAFAD91CBE14E100EF3D2A /* 4.json */,
				92DAFADA1CBE14E100EF3D2A /* 5.json */,
				92DAFADB1CBE14E100EF3D2A /* 6.json */,
				92DAFADC1CBE14E100EF3D2A /* 7.json */,
				92DAFADD1CBE14E100EF3D2A /* 8.json */,
				92DAFADE1CBE14E100EF3D2A /* 9.json */,
				92DAFADF1CBE14E100EF3D2A /* 10.json */,
				92DAFAE01CBE14E100EF3D2A /* 11.json */,
				92DAFAE11CBE14E100EF3D2A /* 12.json */,
				92DAFAE21CBE14E100EF3D2A /* 13.json */,
				92DAFAE31CBE14E100EF3D2A /* 14.json */,
				92DAFAE41CBE14E100EF3D2A /* 15.json */,
				92DAFAE51CBE14E100EF3D2A /* 16.json */,
				92DAFAE61CBE14E100EF3D2A /* 17.json */,
				92DAFAE71CBE14E100EF3D2A /* 18.json */,
				92DAFAE81CBE14E100EF3D2A /* 19.json */,
				92DAFAE91CBE14E100EF3D2A /* 20.json */,
				92DAFAEA1CBE14E100EF3D2A /* 21.json */,
				92DAFAEB1CBE14E100EF3D2A /* 22.json */,
				92DAFAEC1CBE14E100EF3D2A /* 23.json */,
				92DAFAED1CBE14E100EF3D2A /* 24.json */,
				92DAFAEE1CBE14E100EF3D2A /* 25.json */,
				92DAFAEF1CBE14E100EF3D2A /* 26.json */,
				92DAFAF01CBE14E100EF3D2A /* 27.json */,
				92DAFAF11CBE14E100EF3D2A /* 28.json */,
				92DAFAF21CBE14E100EF3D2A /* 29.json */,
				92DAFAF31CBE14E100EF3D2A /* 30.json */,
				92DAFAF41CBE14E100EF3D2A /* 31.json */,
				92DAFAF51CBE14E100EF3D2A /* 32.json */,
				92DAFAF61CBE14E100EF3D2A /* 33.json */,
				92DAFAF71CBE14E100EF3D2A /* 34.json */,
				92DAFAF81CBE14E100EF3D2A /* 35.json */,
				92DAFAF91CBE14E100EF3D2A /* 36.json */,
				92DAFAFA1CBE14E100EF3D2A /* 37.json */,
				92DAFAFB1CBE14E100EF3D2A /* 38.json */,
				92DAFAFC1CBE14E100EF3D2A /* 39.json */,
				92DAFAFD1CBE14E100EF3D2A /* 40.json */,
				92DAFAFE1CBE14E100EF3D2A /* 41.json */,
				92DAFAFF1CBE14E100EF3D2A /* 42.json */,
				92DAFB001CBE14E100EF3D2A /* 43.json */,
				92DAFB011CBE14E100EF3D2A /* 44.json */,
				92DAFB021CBE14E100EF3D2A /* 45.json */,
				92DAFB031CBE14E100EF3D2A /* 46.json */,
				92DAFB041CBE14E100EF3D2A /* 47.json */,
				92DAFB051CBE14E100EF3D2A /* 48.json */,
				92DAFB061CBE14E100EF3D2A /* 49.json */,
				92DAFB071CBE14E100EF3D2A /* 50.json */,
				92DAFB081CBE14E100EF3D2A /* 51.json */,
				92DAFB091CBE14E100EF3D2A /* 52.json */,
				92DAFB0A1CBE14E100EF3D2A /* 53.json */,
				92DAFB0B1CBE14E100EF3D2A /* 54.json */,
				92DAFB0C1CBE14E100EF3D2A /* 55.json */,
				92DAFB0D1CBE14E100EF3D2A /* 56.json */,
				92DAFB0E1CBE14E100EF3D2A /* 57.json */,
				92DAFB0F1CBE14E100EF3D2A /* 58.json */,
				92DAFB101CBE14E100EF3D2A /* 59.json */,
				92DAFB111CBE14E100EF3D2A /* 60.json */,
				92DAFB121CBE14E100EF3D2A /* 61.json */,
				92DAFB131CBE14E100EF3D2A /* 62.json */,
				92DAFB141CBE14E100EF3D2A /* 63.json */,
				92DAFB151CBE14E100EF3D2A /* 64.json */,
				92DAFB161CBE14E100EF3D2A /* 65.json */,
				92DAFB171CBE14E100EF3D2A /* 66.json */,
				92DAFB181CBE14E100EF3D2A /* 67.json */,
				92DAFB191CBE14E100EF3D2A /* 68.json */,
				92DAFB1A1CBE14E100EF3D2A /* 69.json */,
				92DAFB1B1CBE14E100EF3D2A /* 70.json */,
				92DAFB1C1CBE14E100EF3D2A /* 71.json */,
				92DAFB1D1CBE14E100EF3D2A /* 72.json */,
				92DAFB1E1CBE14E100EF3D2A /* 73.json */,
				92DAFB1F1CBE14E100EF3D2A /* 74.json */,
				92DAFB201CBE14E100EF3D2A /* 75.json */,
				92DAFB211CBE14E100EF3D2A /* 76.json */,
				92DAFB221CBE14E100EF3D2A /* 77.json */,
				92DAFB231CBE14E100EF3D2A /* 78.json */,
				92DAFB241CBE14E100EF3D2A /* 79.json */,
				92DAFB251CBE14E100EF3D2A /* 80.json */,
				92DAFB261CBE14E100EF3D2A /* 81.json */,
				92DAFB271CBE14E100EF3D2A /* 82.json */,
				92DAFB281CBE14E100EF3D2A /* 83.json */,
				92DAFB291CBE14E100EF3D2A /* 84.json */,
				92DAFB2A1CBE14E200EF3D2A /* 85.json */,
				92DAFB2B1CBE14E200EF3D2A /* 86.json */,
				92DAFB2C1CBE14E200EF3D2A /* 87.json */,
				92DAFB2D1CBE14E200EF3D2A /* 88.json */,
				92DAFB2E1CBE14E200EF3D2A /* 89.json */,
				92DAFB2F1CBE14E200EF3D2A /* 90.json */,
				92DAFB301CBE14E200EF3D2A /* 91.json */,
				92DAFB311CBE14E200EF3D2A /* 92.json */,
				92DAFB321CBE14E200EF3D2A /* 93.json */,
				92DAFB331CBE14E200EF3D2A /* 94.json */,
				92DAFB341CBE14E200EF3D2A /* 95.json */,
				92DAFB351CBE14E200EF3D2A /* 96.json */,
				92DAFB361CBE14E200EF3D2A /* 97.json */,
				92DAFB371CBE14E200EF3D2A /* 98.json */,
				92DAFB381CBE14E200EF3D2A /* 99.json */,
				92DAFB391CBE14E200EF3D2A /* 100.json */,
				92DAFB3A1CBE14E200EF3D2A /* 101.json */,
				92DAFB3B1CBE14E200EF3D2A /* 102.json */,
				92DAFB3C1CBE14E200EF3D2A /* 103.json */,
				92DAFB3D1CBE14E200EF3D2A /* 104.json */,
				92DAFB3E1CBE14E200EF3D2A /* 105.json */,
				92DAFB3F1CBE14E200EF3D2A /* 106.json */,
				92DAFB401CBE14E200EF3D2A /* 107.json */,
				92DAFB411CBE14E200EF3D2A /* 108.json */,
				92DAFB421CBE14E200EF3D2A /* 109.json */,
				92DAFB431CBE14E200EF3D2A /* 110.json */,
				92DAFB441CBE14E200EF3D2A /* 111.json */,
				92DAFB451CBE14E200EF3D2A /* 112.json */,
				92DAFB461CBE14E200EF3D2A /* 113.json */,
				92DAFB471CBE14E200EF3D2A /* 114.json */,
				92DAFB481CBE14E200EF3D2A /* 115.json */,
				92DAFB491CBE14E200EF3D2A /* 116.json */,
				92DAFB4A1CBE14E200EF3D2A /* 117.json */,
				92DAFB4B1CBE14E200EF3D2A /* 118.json */,
				92DAFB4C1CBE14E200EF3D2A /* 119.json */,
				92DAFB4D1CBE14E200EF3D2A /* 120.json */,
				92DAFB4E1CBE14E200EF3D2A /* 121.json */,
				92DAFB4F1CBE14E200EF3D2A /* 122.json */,
				92DAFB501CBE14E200EF3D2A /* 123.json */,
				92DAFB511CBE14E200EF3D2A /* 124.json */,
				92DAFB521CBE14E200EF3D2A /* 125.json */,
				92DAFB531CBE14E200EF3D2A /* 126.json */,
			);
			name = data;
			sourceTree = "<group>";
		};
		92DA3BE51CB7857500AACC3B = {
			isa = PBXGroup;
			children = (
				92DA3BF01CB7857500AACC3B /* MusicToolbox */,
				92DA3C051CB7857500AACC3B /* MusicToolboxTests */,
				92DA3C101CB7857500AACC3B /* MusicToolboxUITests */,
				92DA3BEF1CB7857500AACC3B /* Products */,
			);
			sourceTree = "<group>";
		};
		92DA3BEF1CB7857500AACC3B /* Products */ = {
			isa = PBXGroup;
			children = (
				92DA3BEE1CB7857500AACC3B /* MusicBook.app */,
				92DA3C021CB7857500AACC3B /* MusicBook.xctest */,
				92DA3C0D1CB7857500AACC3B /* MusicBook.xctest */,
			);
			name = Products;
			sourceTree = "<group>";
		};
		92DA3BF01CB7857500AACC3B /* MusicToolbox */ = {
			isa = PBXGroup;
			children = (
				923CCB291CB8FBA2005ADB29 /* data */,
				92DA3BF11CB7857500AACC3B /* AppDelegate.swift */,
				92B29DEC1CB8BCA500A8BD5C /* WordTableViewController.swift */,
				927D7BAB1CBB408000955219 /* WordDetailViewController.swift */,
				92B29DEE1CB8BDF700A8BD5C /* WordTableViewCell.swift */,
				92DA3BF51CB7857500AACC3B /* Main.storyboard */,
				9235832D1CBCCA240054B3E8 /* LoadingViewController.swift */,
				92DA3BF81CB7857500AACC3B /* Assets.xcassets */,
				92DA3BFA1CB7857500AACC3B /* LaunchScreen.storyboard */,
				92DA3BFD1CB7857500AACC3B /* Info.plist */,
				92B29EF31CB8D5B400A8BD5C /* MusicToolbox.xcdatamodeld */,
				927D7BA31CBB35B700955219 /* Word+CoreDataProperties.swift */,
				927D7BA41CBB35B700955219 /* Word.swift */,
				927D7BA51CBB35B700955219 /* WordExplanation+CoreDataProperties.swift */,
				927D7BA61CBB35B700955219 /* WordExplanation.swift */,
			);
			path = MusicToolbox;
			sourceTree = "<group>";
		};
		92DA3C051CB7857500AACC3B /* MusicToolboxTests */ = {
			isa = PBXGroup;
			children = (
				92DA3C061CB7857500AACC3B /* MusicToolboxTests.swift */,
				92DA3C081CB7857500AACC3B /* Info.plist */,
			);
			path = MusicToolboxTests;
			sourceTree = "<group>";
		};
		92DA3C101CB7857500AACC3B /* MusicToolboxUITests */ = {
			isa = PBXGroup;
			children = (
				92DA3C111CB7857500AACC3B /* MusicToolboxUITests.swift */,
				92DA3C131CB7857500AACC3B /* Info.plist */,
			);
			path = MusicToolboxUITests;
			sourceTree = "<group>";
		};
/* End PBXGroup section */

/* Begin PBXNativeTarget section */
		92DA3BED1CB7857500AACC3B /* MusicBook */ = {
			isa = PBXNativeTarget;
			buildConfigurationList = 92DA3C161CB7857500AACC3B /* Build configuration list for PBXNativeTarget "MusicBook" */;
			buildPhases = (
				92DA3BEA1CB7857500AACC3B /* Sources */,
				92DA3BEB1CB7857500AACC3B /* Frameworks */,
				92DA3BEC1CB7857500AACC3B /* Resources */,
			);
			buildRules = (
			);
			dependencies = (
			);
			name = MusicBook;
			productName = MusicToolbox;
			productReference = 92DA3BEE1CB7857500AACC3B /* MusicBook.app */;
			productType = "com.apple.product-type.application";
		};
		92DA3C011CB7857500AACC3B /* MusicBookTests */ = {
			isa = PBXNativeTarget;
			buildConfigurationList = 92DA3C191CB7857500AACC3B /* Build configuration list for PBXNativeTarget "MusicBookTests" */;
			buildPhases = (
				92DA3BFE1CB7857500AACC3B /* Sources */,
				92DA3BFF1CB7857500AACC3B /* Frameworks */,
				92DA3C001CB7857500AACC3B /* Resources */,
			);
			buildRules = (
			);
			dependencies = (
				92DA3C041CB7857500AACC3B /* PBXTargetDependency */,
			);
			name = MusicBookTests;
			productName = MusicToolboxTests;
			productReference = 92DA3C021CB7857500AACC3B /* MusicBook.xctest */;
			productType = "com.apple.product-type.bundle.unit-test";
		};
		92DA3C0C1CB7857500AACC3B /* MusicBookUITests */ = {
			isa = PBXNativeTarget;
			buildConfigurationList = 92DA3C1C1CB7857500AACC3B /* Build configuration list for PBXNativeTarget "MusicBookUITests" */;
			buildPhases = (
				92DA3C091CB7857500AACC3B /* Sources */,
				92DA3C0A1CB7857500AACC3B /* Frameworks */,
				92DA3C0B1CB7857500AACC3B /* Resources */,
			);
			buildRules = (
			);
			dependencies = (
				92DA3C0F1CB7857500AACC3B /* PBXTargetDependency */,
			);
			name = MusicBookUITests;
			productName = MusicToolboxUITests;
			productReference = 92DA3C0D1CB7857500AACC3B /* MusicBook.xctest */;
			productType = "com.apple.product-type.bundle.ui-testing";
		};
/* End PBXNativeTarget section */

/* Begin PBXProject section */
		92DA3BE61CB7857500AACC3B /* Project object */ = {
			isa = PBXProject;
			attributes = {
				LastSwiftUpdateCheck = 0730;
				LastUpgradeCheck = 0730;
				ORGANIZATIONNAME = "An Wu";
				TargetAttributes = {
					92DA3BED1CB7857500AACC3B = {
						CreatedOnToolsVersion = 7.3;
						DevelopmentTeam = Y44TJ878SH;
					};
					92DA3C011CB7857500AACC3B = {
						CreatedOnToolsVersion = 7.3;
						DevelopmentTeam = Y44TJ878SH;
						TestTargetID = 92DA3BED1CB7857500AACC3B;
					};
					92DA3C0C1CB7857500AACC3B = {
						CreatedOnToolsVersion = 7.3;
						DevelopmentTeam = Y44TJ878SH;
						TestTargetID = 92DA3BED1CB7857500AACC3B;
					};
				};
			};
			buildConfigurationList = 92DA3BE91CB7857500AACC3B /* Build configuration list for PBXProject "MusicBook" */;
			compatibilityVersion = "Xcode 3.2";
			developmentRegion = English;
			hasScannedForEncodings = 0;
			knownRegions = (
				en,
				Base,
			);
			mainGroup = 92DA3BE51CB7857500AACC3B;
			productRefGroup = 92DA3BEF1CB7857500AACC3B /* Products */;
			projectDirPath = "";
			projectRoot = "";
			targets = (
				92DA3BED1CB7857500AACC3B /* MusicBook */,
				92DA3C011CB7857500AACC3B /* MusicBookTests */,
				92DA3C0C1CB7857500AACC3B /* MusicBookUITests */,
			);
		};
/* End PBXProject section */

/* Begin PBXResourcesBuildPhase section */
		92DA3BEC1CB7857500AACC3B /* Resources */ = {
			isa = PBXResourcesBuildPhase;
			buildActionMask = 2147483647;
			files = (
				92DAFB9E1CBE14E200EF3D2A /* 76.json in Resources */,
				92DAFB8C1CBE14E200EF3D2A /* 58.json in Resources */,
				92DAFBCF1CBE14E200EF3D2A /* 125.json in Resources */,
				92DAFB891CBE14E200EF3D2A /* 55.json in Resources */,
				92DAFB861CBE14E200EF3D2A /* 52.json in Resources */,
				92DAFB941CBE14E200EF3D2A /* 66.json in Resources */,
				92DAFB841CBE14E200EF3D2A /* 50.json in Resources */,
				92DAFBC21CBE14E200EF3D2A /* 112.json in Resources */,
				92DAFB7B1CBE14E200EF3D2A /* 41.json in Resources */,
				92DAFBD01CBE14E200EF3D2A /* 126.json in Resources */,
				92DAFBBD1CBE14E200EF3D2A /* 107.json in Resources */,
				92DAFBC51CBE14E200EF3D2A /* 115.json in Resources */,
				92DAFB931CBE14E200EF3D2A /* 65.json in Resources */,
				92DAFBB11CBE14E200EF3D2A /* 95.json in Resources */,
				92DAFBAC1CBE14E200EF3D2A /* 90.json in Resources */,
				92DAFB7C1CBE14E200EF3D2A /* 42.json in Resources */,
				92DAFB771CBE14E200EF3D2A /* 37.json in Resources */,
				92DAFB7F1CBE14E200EF3D2A /* 45.json in Resources */,
				92DAFBAD1CBE14E200EF3D2A /* 91.json in Resources */,
				92DAFB761CBE14E200EF3D2A /* 36.json in Resources */,
				92DAFB631CBE14E200EF3D2A /* 17.json in Resources */,
				92DAFBC41CBE14E200EF3D2A /* 114.json in Resources */,
				92DAFBD21CBE184500EF3D2A /* 1.json in Resources */,
				92DAFB831CBE14E200EF3D2A /* 49.json in Resources */,
				92DAFB5D1CBE14E200EF3D2A /* 11.json in Resources */,
				92DAFB691CBE14E200EF3D2A /* 23.json in Resources */,
				92DAFBB51CBE14E200EF3D2A /* 99.json in Resources */,
				92DAFB5C1CBE14E200EF3D2A /* 10.json in Resources */,
				92DAFBBA1CBE14E200EF3D2A /* 104.json in Resources */,
				92DAFBAF1CBE14E200EF3D2A /* 93.json in Resources */,
				92DAFBC71CBE14E200EF3D2A /* 117.json in Resources */,
				92DAFB821CBE14E200EF3D2A /* 48.json in Resources */,
				92DAFB921CBE14E200EF3D2A /* 64.json in Resources */,
				92DAFB8E1CBE14E200EF3D2A /* 60.json in Resources */,
				92DAFB801CBE14E200EF3D2A /* 46.json in Resources */,
				92DAFB681CBE14E200EF3D2A /* 22.json in Resources */,
				92DAFB671CBE14E200EF3D2A /* 21.json in Resources */,
				92DAFB741CBE14E200EF3D2A /* 34.json in Resources */,
				92DAFBB21CBE14E200EF3D2A /* 96.json in Resources */,
				92DAFB7E1CBE14E200EF3D2A /* 44.json in Resources */,
				92DAFB651CBE14E200EF3D2A /* 19.json in Resources */,
				92DAFBC01CBE14E200EF3D2A /* 110.json in Resources */,
				92DAFBA31CBE14E200EF3D2A /* 81.json in Resources */,
				92DAFB811CBE14E200EF3D2A /* 47.json in Resources */,
				92DAFBA91CBE14E200EF3D2A /* 87.json in Resources */,
				92DAFBC91CBE14E200EF3D2A /* 119.json in Resources */,
				92DAFBB81CBE14E200EF3D2A /* 102.json in Resources */,
				92DAFBCD1CBE14E200EF3D2A /* 123.json in Resources */,
				92DAFB901CBE14E200EF3D2A /* 62.json in Resources */,
				92DAFBCA1CBE14E200EF3D2A /* 120.json in Resources */,
				92DAFBBF1CBE14E200EF3D2A /* 109.json in Resources */,
				92DAFBA81CBE14E200EF3D2A /* 86.json in Resources */,
				92DAFB6C1CBE14E200EF3D2A /* 26.json in Resources */,
				92DAFB6D1CBE14E200EF3D2A /* 27.json in Resources */,
				92DAFB911CBE14E200EF3D2A /* 63.json in Resources */,
				92DAFB981CBE14E200EF3D2A /* 70.json in Resources */,
				92DAFB611CBE14E200EF3D2A /* 15.json in Resources */,
				92DAFB8D1CBE14E200EF3D2A /* 59.json in Resources */,
				92DAFB5A1CBE14E200EF3D2A /* 8.json in Resources */,
				92DAFB6B1CBE14E200EF3D2A /* 25.json in Resources */,
				92DAFB7A1CBE14E200EF3D2A /* 40.json in Resources */,
				92DAFBAE1CBE14E200EF3D2A /* 92.json in Resources */,
				92DAFB551CBE14E200EF3D2A /* 3.json in Resources */,
				92DAFB601CBE14E200EF3D2A /* 14.json in Resources */,
				92DAFBA11CBE14E200EF3D2A /* 79.json in Resources */,
				92DAFB9C1CBE14E200EF3D2A /* 74.json in Resources */,
				92DAFBA21CBE14E200EF3D2A /* 80.json in Resources */,
				92DAFBA61CBE14E200EF3D2A /* 84.json in Resources */,
				92DAFB571CBE14E200EF3D2A /* 5.json in Resources */,
				92DAFB781CBE14E200EF3D2A /* 38.json in Resources */,
				92DAFBC11CBE14E200EF3D2A /* 111.json in Resources */,
				92DAFBA41CBE14E200EF3D2A /* 82.json in Resources */,
				92DAFB871CBE14E200EF3D2A /* 53.json in Resources */,
				92DAFB751CBE14E200EF3D2A /* 35.json in Resources */,
				92DAFB661CBE14E200EF3D2A /* 20.json in Resources */,
				92DAFBAB1CBE14E200EF3D2A /* 89.json in Resources */,
				92DAFB971CBE14E200EF3D2A /* 69.json in Resources */,
				92DAFB951CBE14E200EF3D2A /* 67.json in Resources */,
				92DAFB721CBE14E200EF3D2A /* 32.json in Resources */,
				92DAFBB01CBE14E200EF3D2A /* 94.json in Resources */,
				92DAFB6A1CBE14E200EF3D2A /* 24.json in Resources */,
				92DAFBCC1CBE14E200EF3D2A /* 122.json in Resources */,
				92DAFBB41CBE14E200EF3D2A /* 98.json in Resources */,
				92DAFB731CBE14E200EF3D2A /* 33.json in Resources */,
				92DAFBCE1CBE14E200EF3D2A /* 124.json in Resources */,
				92DAFB541CBE14E200EF3D2A /* 2.json in Resources */,
				92DAFB701CBE14E200EF3D2A /* 30.json in Resources */,
				92DAFB5F1CBE14E200EF3D2A /* 13.json in Resources */,
				92DAFBBB1CBE14E200EF3D2A /* 105.json in Resources */,
				92DAFB6F1CBE14E200EF3D2A /* 29.json in Resources */,
				92DAFBB31CBE14E200EF3D2A /* 97.json in Resources */,
				92DAFB881CBE14E200EF3D2A /* 54.json in Resources */,
				92DAFB9F1CBE14E200EF3D2A /* 77.json in Resources */,
				92DAFBAA1CBE14E200EF3D2A /* 88.json in Resources */,
				92DAFB961CBE14E200EF3D2A /* 68.json in Resources */,
				92DAFBC31CBE14E200EF3D2A /* 113.json in Resources */,
				92DAFB9D1CBE14E200EF3D2A /* 75.json in Resources */,
				92DAFBC61CBE14E200EF3D2A /* 116.json in Resources */,
				92DAFBA71CBE14E200EF3D2A /* 85.json in Resources */,
				92DAFBB71CBE14E200EF3D2A /* 101.json in Resources */,
				92DA3BFC1CB7857500AACC3B /* LaunchScreen.storyboard in Resources */,
				92DAFB851CBE14E200EF3D2A /* 51.json in Resources */,
				92DAFB8B1CBE14E200EF3D2A /* 57.json in Resources */,
				92DAFB9B1CBE14E200EF3D2A /* 73.json in Resources */,
				92DAFBA01CBE14E200EF3D2A /* 78.json in Resources */,
				92DAFB591CBE14E200EF3D2A /* 7.json in Resources */,
				92DAFBBE1CBE14E200EF3D2A /* 108.json in Resources */,
				92DAFBA51CBE14E200EF3D2A /* 83.json in Resources */,
				92DAFB581CBE14E200EF3D2A /* 6.json in Resources */,
				92DAFB621CBE14E200EF3D2A /* 16.json in Resources */,
				92DAFB8F1CBE14E200EF3D2A /* 61.json in Resources */,
				92DAFB5B1CBE14E200EF3D2A /* 9.json in Resources */,
				92DAFB9A1CBE14E200EF3D2A /* 72.json in Resources */,
				92DAFB791CBE14E200EF3D2A /* 39.json in Resources */,
				92DAFB5E1CBE14E200EF3D2A /* 12.json in Resources */,
				92DAFB8A1CBE14E200EF3D2A /* 56.json in Resources */,
				92DAFB711CBE14E200EF3D2A /* 31.json in Resources */,
				92DAFB7D1CBE14E200EF3D2A /* 43.json in Resources */,
				92DAFBBC1CBE14E200EF3D2A /* 106.json in Resources */,
				92DAFB641CBE14E200EF3D2A /* 18.json in Resources */,
				92DA3BF91CB7857500AACC3B /* Assets.xcassets in Resources */,
				92DAFBB91CBE14E200EF3D2A /* 103.json in Resources */,
				92DAFBC81CBE14E200EF3D2A /* 118.json in Resources */,
				92DAFB6E1CBE14E200EF3D2A /* 28.json in Resources */,
				92DAFB991CBE14E200EF3D2A /* 71.json in Resources */,
				92DAFBB61CBE14E200EF3D2A /* 100.json in Resources */,
				92DAFBCB1CBE14E200EF3D2A /* 121.json in Resources */,
				92DAFB561CBE14E200EF3D2A /* 4.json in Resources */,
				92DA3BF71CB7857500AACC3B /* Main.storyboard in Resources */,
			);
			runOnlyForDeploymentPostprocessing = 0;
		};
		92DA3C001CB7857500AACC3B /* Resources */ = {
			isa = PBXResourcesBuildPhase;
			buildActionMask = 2147483647;
			files = (
			);
			runOnlyForDeploymentPostprocessing = 0;
		};
		92DA3C0B1CB7857500AACC3B /* Resources */ = {
			isa = PBXResourcesBuildPhase;
			buildActionMask = 2147483647;
			files = (
			);
			runOnlyForDeploymentPostprocessing = 0;
		};
/* End PBXResourcesBuildPhase section */

/* Begin PBXSourcesBuildPhase section */
		92DA3BEA1CB7857500AACC3B /* Sources */ = {
			isa = PBXSourcesBuildPhase;
			buildActionMask = 2147483647;
			files = (
				92DA3BF21CB7857500AACC3B /* AppDelegate.swift in Sources */,
				92B29DED1CB8BCA500A8BD5C /* WordTableViewController.swift in Sources */,
				927D7BA71CBB35B700955219 /* Word+CoreDataProperties.swift in Sources */,
				92B29DEF1CB8BDF700A8BD5C /* WordTableViewCell.swift in Sources */,
				927D7BA91CBB35B700955219 /* WordExplanation+CoreDataProperties.swift in Sources */,
				927D7BAC1CBB408000955219 /* WordDetailViewController.swift in Sources */,
				92B29EF51CB8D5B400A8BD5C /* MusicToolbox.xcdatamodeld in Sources */,
				9235832E1CBCCA240054B3E8 /* LoadingViewController.swift in Sources */,
				927D7BA81CBB35B700955219 /* Word.swift in Sources */,
				927D7BAA1CBB35B700955219 /* WordExplanation.swift in Sources */,
			);
			runOnlyForDeploymentPostprocessing = 0;
		};
		92DA3BFE1CB7857500AACC3B /* Sources */ = {
			isa = PBXSourcesBuildPhase;
			buildActionMask = 2147483647;
			files = (
				92DA3C071CB7857500AACC3B /* MusicToolboxTests.swift in Sources */,
			);
			runOnlyForDeploymentPostprocessing = 0;
		};
		92DA3C091CB7857500AACC3B /* Sources */ = {
			isa = PBXSourcesBuildPhase;
			buildActionMask = 2147483647;
			files = (
				92DA3C121CB7857500AACC3B /* MusicToolboxUITests.swift in Sources */,
			);
			runOnlyForDeploymentPostprocessing = 0;
		};
/* End PBXSourcesBuildPhase section */

/* Begin PBXTargetDependency section */
		92DA3C041CB7857500AACC3B /* PBXTargetDependency */ = {
			isa = PBXTargetDependency;
			target = 92DA3BED1CB7857500AACC3B /* MusicBook */;
			targetProxy = 92DA3C031CB7857500AACC3B /* PBXContainerItemProxy */;
		};
		92DA3C0F1CB7857500AACC3B /* PBXTargetDependency */ = {
			isa = PBXTargetDependency;
			target = 92DA3BED1CB7857500AACC3B /* MusicBook */;
			targetProxy = 92DA3C0E1CB7857500AACC3B /* PBXContainerItemProxy */;
		};
/* End PBXTargetDependency section */

/* Begin PBXVariantGroup section */
		92DA3BF51CB7857500AACC3B /* Main.storyboard */ = {
			isa = PBXVariantGroup;
			children = (
				92DA3BF61CB7857500AACC3B /* Base */,
			);
			name = Main.storyboard;
			sourceTree = "<group>";
		};
		92DA3BFA1CB7857500AACC3B /* LaunchScreen.storyboard */ = {
			isa = PBXVariantGroup;
			children = (
				92DA3BFB1CB7857500AACC3B /* Base */,
			);
			name = LaunchScreen.storyboard;
			sourceTree = "<group>";
		};
/* End PBXVariantGroup section */

/* Begin XCBuildConfiguration section */
		92DA3C141CB7857500AACC3B /* Debug */ = {
			isa = XCBuildConfiguration;
			buildSettings = {
				ALWAYS_SEARCH_USER_PATHS = NO;
				CLANG_ANALYZER_NONNULL = YES;
				CLANG_CXX_LANGUAGE_STANDARD = "gnu++0x";
				CLANG_CXX_LIBRARY = "libc++";
				CLANG_ENABLE_MODULES = YES;
				CLANG_ENABLE_OBJC_ARC = YES;
				CLANG_WARN_BOOL_CONVERSION = YES;
				CLANG_WARN_CONSTANT_CONVERSION = YES;
				CLANG_WARN_DIRECT_OBJC_ISA_USAGE = YES_ERROR;
				CLANG_WARN_EMPTY_BODY = YES;
				CLANG_WARN_ENUM_CONVERSION = YES;
				CLANG_WARN_INT_CONVERSION = YES;
				CLANG_WARN_OBJC_ROOT_CLASS = YES_ERROR;
				CLANG_WARN_UNREACHABLE_CODE = YES;
				CLANG_WARN__DUPLICATE_METHOD_MATCH = YES;
				"CODE_SIGN_IDENTITY[sdk=iphoneos*]" = "iPhone Developer";
				COPY_PHASE_STRIP = NO;
				DEBUG_INFORMATION_FORMAT = dwarf;
				ENABLE_STRICT_OBJC_MSGSEND = YES;
				ENABLE_TESTABILITY = YES;
				GCC_C_LANGUAGE_STANDARD = gnu99;
				GCC_DYNAMIC_NO_PIC = NO;
				GCC_NO_COMMON_BLOCKS = YES;
				GCC_OPTIMIZATION_LEVEL = 0;
				GCC_PREPROCESSOR_DEFINITIONS = (
					"DEBUG=1",
					"$(inherited)",
				);
				GCC_WARN_64_TO_32_BIT_CONVERSION = YES;
				GCC_WARN_ABOUT_RETURN_TYPE = YES_ERROR;
				GCC_WARN_UNDECLARED_SELECTOR = YES;
				GCC_WARN_UNINITIALIZED_AUTOS = YES_AGGRESSIVE;
				GCC_WARN_UNUSED_FUNCTION = YES;
				GCC_WARN_UNUSED_VARIABLE = YES;
				IPHONEOS_DEPLOYMENT_TARGET = 9.3;
				MTL_ENABLE_DEBUG_INFO = YES;
				ONLY_ACTIVE_ARCH = YES;
				SDKROOT = iphoneos;
				SWIFT_OPTIMIZATION_LEVEL = "-Onone";
				TARGETED_DEVICE_FAMILY = "1,2";
			};
			name = Debug;
		};
		92DA3C151CB7857500AACC3B /* Release */ = {
			isa = XCBuildConfiguration;
			buildSettings = {
				ALWAYS_SEARCH_USER_PATHS = NO;
				CLANG_ANALYZER_NONNULL = YES;
				CLANG_CXX_LANGUAGE_STANDARD = "gnu++0x";
				CLANG_CXX_LIBRARY = "libc++";
				CLANG_ENABLE_MODULES = YES;
				CLANG_ENABLE_OBJC_ARC = YES;
				CLANG_WARN_BOOL_CONVERSION = YES;
				CLANG_WARN_CONSTANT_CONVERSION = YES;
				CLANG_WARN_DIRECT_OBJC_ISA_USAGE = YES_ERROR;
				CLANG_WARN_EMPTY_BODY = YES;
				CLANG_WARN_ENUM_CONVERSION = YES;
				CLANG_WARN_INT_CONVERSION = YES;
				CLANG_WARN_OBJC_ROOT_CLASS = YES_ERROR;
				CLANG_WARN_UNREACHABLE_CODE = YES;
				CLANG_WARN__DUPLICATE_METHOD_MATCH = YES;
				"CODE_SIGN_IDENTITY[sdk=iphoneos*]" = "iPhone Developer";
				COPY_PHASE_STRIP = NO;
				DEBUG_INFORMATION_FORMAT = "dwarf-with-dsym";
				ENABLE_NS_ASSERTIONS = NO;
				ENABLE_STRICT_OBJC_MSGSEND = YES;
				GCC_C_LANGUAGE_STANDARD = gnu99;
				GCC_NO_COMMON_BLOCKS = YES;
				GCC_WARN_64_TO_32_BIT_CONVERSION = YES;
				GCC_WARN_ABOUT_RETURN_TYPE = YES_ERROR;
				GCC_WARN_UNDECLARED_SELECTOR = YES;
				GCC_WARN_UNINITIALIZED_AUTOS = YES_AGGRESSIVE;
				GCC_WARN_UNUSED_FUNCTION = YES;
				GCC_WARN_UNUSED_VARIABLE = YES;
				IPHONEOS_DEPLOYMENT_TARGET = 9.3;
				MTL_ENABLE_DEBUG_INFO = NO;
				SDKROOT = iphoneos;
				TARGETED_DEVICE_FAMILY = "1,2";
				VALIDATE_PRODUCT = YES;
			};
			name = Release;
		};
		92DA3C171CB7857500AACC3B /* Debug */ = {
			isa = XCBuildConfiguration;
			buildSettings = {
				ASSETCATALOG_COMPILER_APPICON_NAME = AppIcon;
				INFOPLIST_FILE = MusicToolbox/Info.plist;
				LD_RUNPATH_SEARCH_PATHS = "$(inherited) @executable_path/Frameworks";
				PRODUCT_BUNDLE_IDENTIFIER = com.andrewwuan.MusicToolbox;
				PRODUCT_NAME = MusicBook;
			};
			name = Debug;
		};
		92DA3C181CB7857500AACC3B /* Release */ = {
			isa = XCBuildConfiguration;
			buildSettings = {
				ASSETCATALOG_COMPILER_APPICON_NAME = AppIcon;
				INFOPLIST_FILE = MusicToolbox/Info.plist;
				LD_RUNPATH_SEARCH_PATHS = "$(inherited) @executable_path/Frameworks";
				PRODUCT_BUNDLE_IDENTIFIER = com.andrewwuan.MusicToolbox;
				PRODUCT_NAME = MusicBook;
			};
			name = Release;
		};
		92DA3C1A1CB7857500AACC3B /* Debug */ = {
			isa = XCBuildConfiguration;
			buildSettings = {
				BUNDLE_LOADER = "$(TEST_HOST)";
				INFOPLIST_FILE = MusicToolboxTests/Info.plist;
				LD_RUNPATH_SEARCH_PATHS = "$(inherited) @executable_path/Frameworks @loader_path/Frameworks";
				PRODUCT_BUNDLE_IDENTIFIER = com.andrewwuan.MusicToolboxTests;
				PRODUCT_NAME = MusicBook;
				TEST_HOST = "$(BUILT_PRODUCTS_DIR)/MusicBook.app/MusicBook";
			};
			name = Debug;
		};
		92DA3C1B1CB7857500AACC3B /* Release */ = {
			isa = XCBuildConfiguration;
			buildSettings = {
				BUNDLE_LOADER = "$(TEST_HOST)";
				INFOPLIST_FILE = MusicToolboxTests/Info.plist;
				LD_RUNPATH_SEARCH_PATHS = "$(inherited) @executable_path/Frameworks @loader_path/Frameworks";
				PRODUCT_BUNDLE_IDENTIFIER = com.andrewwuan.MusicToolboxTests;
				PRODUCT_NAME = MusicBook;
				TEST_HOST = "$(BUILT_PRODUCTS_DIR)/MusicBook.app/MusicBook";
			};
			name = Release;
		};
		92DA3C1D1CB7857500AACC3B /* Debug */ = {
			isa = XCBuildConfiguration;
			buildSettings = {
				INFOPLIST_FILE = MusicToolboxUITests/Info.plist;
				LD_RUNPATH_SEARCH_PATHS = "$(inherited) @executable_path/Frameworks @loader_path/Frameworks";
				PRODUCT_BUNDLE_IDENTIFIER = com.andrewwuan.MusicToolboxUITests;
				PRODUCT_NAME = MusicBook;
				TEST_TARGET_NAME = MusicToolbox;
			};
			name = Debug;
		};
		92DA3C1E1CB7857500AACC3B /* Release */ = {
			isa = XCBuildConfiguration;
			buildSettings = {
				INFOPLIST_FILE = MusicToolboxUITests/Info.plist;
				LD_RUNPATH_SEARCH_PATHS = "$(inherited) @executable_path/Frameworks @loader_path/Frameworks";
				PRODUCT_BUNDLE_IDENTIFIER = com.andrewwuan.MusicToolboxUITests;
				PRODUCT_NAME = MusicBook;
				TEST_TARGET_NAME = MusicToolbox;
			};
			name = Release;
		};
/* End XCBuildConfiguration section */

/* Begin XCConfigurationList section */
		92DA3BE91CB7857500AACC3B /* Build configuration list for PBXProject "MusicBook" */ = {
			isa = XCConfigurationList;
			buildConfigurations = (
				92DA3C141CB7857500AACC3B /* Debug */,
				92DA3C151CB7857500AACC3B /* Release */,
			);
			defaultConfigurationIsVisible = 0;
			defaultConfigurationName = Release;
		};
		92DA3C161CB7857500AACC3B /* Build configuration list for PBXNativeTarget "MusicBook" */ = {
			isa = XCConfigurationList;
			buildConfigurations = (
				92DA3C171CB7857500AACC3B /* Debug */,
				92DA3C181CB7857500AACC3B /* Release */,
			);
			defaultConfigurationIsVisible = 0;
			defaultConfigurationName = Release;
		};
		92DA3C191CB7857500AACC3B /* Build configuration list for PBXNativeTarget "MusicBookTests" */ = {
			isa = XCConfigurationList;
			buildConfigurations = (
				92DA3C1A1CB7857500AACC3B /* Debug */,
				92DA3C1B1CB7857500AACC3B /* Release */,
			);
			defaultConfigurationIsVisible = 0;
			defaultConfigurationName = Release;
		};
		92DA3C1C1CB7857500AACC3B /* Build configuration list for PBXNativeTarget "MusicBookUITests" */ = {
			isa = XCConfigurationList;
			buildConfigurations = (
				92DA3C1D1CB7857500AACC3B /* Debug */,
				92DA3C1E1CB7857500AACC3B /* Release */,
			);
			defaultConfigurationIsVisible = 0;
			defaultConfigurationName = Release;
		};
/* End XCConfigurationList section */

/* Begin XCVersionGroup section */
		92B29EF31CB8D5B400A8BD5C /* MusicToolbox.xcdatamodeld */ = {
			isa = XCVersionGroup;
			children = (
				92B29EF41CB8D5B400A8BD5C /* MusicToolbox.xcdatamodel */,
			);
			currentVersion = 92B29EF41CB8D5B400A8BD5C /* MusicToolbox.xcdatamodel */;
			path = MusicToolbox.xcdatamodeld;
			sourceTree = "<group>";
			versionGroupType = wrapper.xcdatamodel;
		};
/* End XCVersionGroup section */
	};
	rootObject = 92DA3BE61CB7857500AACC3B /* Project object */;
}
